// !$*UTF8*$!
{
	archiveVersion = 1;
	classes = {
	};
	objectVersion = 48;
	objects = {

/* Begin PBXBuildFile section */
		CBECCD192642170400D9F8D9 /* Heartrate_Training.json in Resources */ = {isa = PBXBuildFile; fileRef = CBECCD132642170400D9F8D9 /* Heartrate_Training.json */; };
		CBECCD1A2642170400D9F8D9 /* Heartrate_Resting.json in Resources */ = {isa = PBXBuildFile; fileRef = CBECCD152642170400D9F8D9 /* Heartrate_Resting.json */; };
		CBECCD272642172C00D9F8D9 /* Heart_Snapshot.json in Resources */ = {isa = PBXBuildFile; fileRef = CBECCD252642172C00D9F8D9 /* Heart_Snapshot.json */; };
		F80479E02257E4EC00E569AC /* CRFTorchInstructionStepViewController.swift in Sources */ = {isa = PBXBuildFile; fileRef = F80479DF2257E4EC00E569AC /* CRFTorchInstructionStepViewController.swift */; };
		F80479E22257E52200E569AC /* CRFTorchInstructionStep.swift in Sources */ = {isa = PBXBuildFile; fileRef = F80479E12257E52200E569AC /* CRFTorchInstructionStep.swift */; };
		F84FE3BE228E24D300563F94 /* CRFCameraAuthorizationAdaptor.swift in Sources */ = {isa = PBXBuildFile; fileRef = F84FE3BD228E24D300563F94 /* CRFCameraAuthorizationAdaptor.swift */; };
		F86CB41D225BD422005FBE7E /* io_examples.json in Resources */ = {isa = PBXBuildFile; fileRef = F86CB41C225BD422005FBE7E /* io_examples.json */; };
		F86CB41F225BD61A005FBE7E /* ArrayExtensionTests.swift in Sources */ = {isa = PBXBuildFile; fileRef = F86CB41E225BD61A005FBE7E /* ArrayExtensionTests.swift */; };
		F86CB423225BEF8A005FBE7E /* io_examples_whole.json in Resources */ = {isa = PBXBuildFile; fileRef = F86CB422225BEF8A005FBE7E /* io_examples_whole.json */; };
		F86CB425225BFD04005FBE7E /* io_examples_whole_12hz.json in Resources */ = {isa = PBXBuildFile; fileRef = F86CB424225BFD04005FBE7E /* io_examples_whole_12hz.json */; };
		F877EC56225E96E9007F3731 /* io_example_earlier_peak.json in Resources */ = {isa = PBXBuildFile; fileRef = F877EC54225E96E9007F3731 /* io_example_earlier_peak.json */; };
		F877EC57225E96E9007F3731 /* io_example_later_peak.json in Resources */ = {isa = PBXBuildFile; fileRef = F877EC55225E96E9007F3731 /* io_example_later_peak.json */; };
		F880C1202051F1E200ACB4D4 /* CRFFactory.swift in Sources */ = {isa = PBXBuildFile; fileRef = F880C11F2051F1E200ACB4D4 /* CRFFactory.swift */; };
		F880C12F2051F2A700ACB4D4 /* Images.xcassets in Resources */ = {isa = PBXBuildFile; fileRef = F880C12E2051F2A700ACB4D4 /* Images.xcassets */; };
		F880C1312051F49400ACB4D4 /* Colors.xcassets in Resources */ = {isa = PBXBuildFile; fileRef = F880C1302051F49400ACB4D4 /* Colors.xcassets */; };
		F880C14D2051F61700ACB4D4 /* stairStepAudio.m4a in Resources */ = {isa = PBXBuildFile; fileRef = F880C14C2051F61700ACB4D4 /* stairStepAudio.m4a */; };
		F880C1532051F9FD00ACB4D4 /* CRFHeartRateStepViewController.swift in Sources */ = {isa = PBXBuildFile; fileRef = F880C14F2051F9FD00ACB4D4 /* CRFHeartRateStepViewController.swift */; };
		F880C1542051F9FD00ACB4D4 /* CRFStairStepViewController.swift in Sources */ = {isa = PBXBuildFile; fileRef = F880C1502051F9FD00ACB4D4 /* CRFStairStepViewController.swift */; };
		F880C15B2051FA5F00ACB4D4 /* CRFHeartRateRecorder.swift in Sources */ = {isa = PBXBuildFile; fileRef = F880C1582051FA5F00ACB4D4 /* CRFHeartRateRecorder.swift */; };
		F880C1752051FCD400ACB4D4 /* ActiveTaskSteps.storyboard in Resources */ = {isa = PBXBuildFile; fileRef = F880C16E2051FCD400ACB4D4 /* ActiveTaskSteps.storyboard */; };
		F880C17F2052081600ACB4D4 /* CRFHeartRateStep.swift in Sources */ = {isa = PBXBuildFile; fileRef = F880C17E2052081600ACB4D4 /* CRFHeartRateStep.swift */; };
		F880C18120520CF500ACB4D4 /* CRFCameraSettings.swift in Sources */ = {isa = PBXBuildFile; fileRef = F880C18020520CF500ACB4D4 /* CRFCameraSettings.swift */; };
		F880C18320520FBC00ACB4D4 /* CRFHeartRateSampleProcessor.swift in Sources */ = {isa = PBXBuildFile; fileRef = F880C18220520FBC00ACB4D4 /* CRFHeartRateSampleProcessor.swift */; };
		F880C18520530D9500ACB4D4 /* HeartRateProcessorTests.swift in Sources */ = {isa = PBXBuildFile; fileRef = F880C18420530D9500ACB4D4 /* HeartRateProcessorTests.swift */; };
		F88725E32051C0F900A4B82F /* CardiorespiratoryFitness.framework in Frameworks */ = {isa = PBXBuildFile; fileRef = F88725D92051C0F800A4B82F /* CardiorespiratoryFitness.framework */; };
		F88725EA2051C0F900A4B82F /* CardiorespiratoryFitness.h in Headers */ = {isa = PBXBuildFile; fileRef = F88725DC2051C0F800A4B82F /* CardiorespiratoryFitness.h */; settings = {ATTRIBUTES = (Public, ); }; };
		F897CF8F225523320088DFAE /* highpass_filter_params.csv in Resources */ = {isa = PBXBuildFile; fileRef = F897CF8E225523320088DFAE /* highpass_filter_params.csv */; };
		F897CF912255233D0088DFAE /* lowpass_filter_params.csv in Resources */ = {isa = PBXBuildFile; fileRef = F897CF902255233D0088DFAE /* lowpass_filter_params.csv */; };
		F897CF95225525040088DFAE /* CSVDecoder.swift in Sources */ = {isa = PBXBuildFile; fileRef = F897CF94225525040088DFAE /* CSVDecoder.swift */; };
		F897CF97225561680088DFAE /* CSVDecoderTests.swift in Sources */ = {isa = PBXBuildFile; fileRef = F897CF96225561680088DFAE /* CSVDecoderTests.swift */; };
		F8981A4922790F87008DD5D0 /* CRFHRRecoveryStep.swift in Sources */ = {isa = PBXBuildFile; fileRef = F8981A4822790F87008DD5D0 /* CRFHRRecoveryStep.swift */; };
		F89FFDD920588B5C0089D8A7 /* ModelTests.swift in Sources */ = {isa = PBXBuildFile; fileRef = F89FFDD820588B5C0089D8A7 /* ModelTests.swift */; };
		F89FFDDB205890F80089D8A7 /* CRFTaskInfo.swift in Sources */ = {isa = PBXBuildFile; fileRef = F89FFDDA205890F80089D8A7 /* CRFTaskInfo.swift */; };
		F8C0581B22778E2700FA59E6 /* Research.framework in Frameworks */ = {isa = PBXBuildFile; fileRef = F8C0581A22778E2700FA59E6 /* Research.framework */; };
		F8C0581F22778E3200FA59E6 /* ResearchUI.framework in Frameworks */ = {isa = PBXBuildFile; fileRef = F8C0581E22778E3200FA59E6 /* ResearchUI.framework */; };
		F8C0582122778E4C00FA59E6 /* Research_UnitTest.framework in Frameworks */ = {isa = PBXBuildFile; fileRef = F8C0582022778E4C00FA59E6 /* Research_UnitTest.framework */; };
		F8D71AF5224D462F00DA49BC /* CRFHRRecoveryStepViewController.swift in Sources */ = {isa = PBXBuildFile; fileRef = F8D71AF4224D462F00DA49BC /* CRFHRRecoveryStepViewController.swift */; };
		F8E68EE32252A30900CF0811 /* CRFTaskObject.swift in Sources */ = {isa = PBXBuildFile; fileRef = F8E68EE22252A30900CF0811 /* CRFTaskObject.swift */; };
		F8E68EF122531E5400CF0811 /* TaskObjectTests.swift in Sources */ = {isa = PBXBuildFile; fileRef = F8E68EF022531E5400CF0811 /* TaskObjectTests.swift */; };
		FFCC05E825D5AD6E00185C5B /* Bundle+module.swift in Sources */ = {isa = PBXBuildFile; fileRef = FFCC05E725D5AD6E00185C5B /* Bundle+module.swift */; };
		FFCC05EB25D5AE3F00185C5B /* Bundle+module.swift in Sources */ = {isa = PBXBuildFile; fileRef = FFCC05E725D5AD6E00185C5B /* Bundle+module.swift */; };
		FFCC05F125D5AFBC00185C5B /* NSLocaleSwizzle.framework in Frameworks */ = {isa = PBXBuildFile; fileRef = FFCC05F025D5AFBC00185C5B /* NSLocaleSwizzle.framework */; };
		FFCC060C25D5BA7B00185C5B /* Localizable.strings in Resources */ = {isa = PBXBuildFile; fileRef = FFCC060E25D5BA7B00185C5B /* Localizable.strings */; };
		FFCC061125D5BA9100185C5B /* Heart_Snapshot.html in Resources */ = {isa = PBXBuildFile; fileRef = FFCC061325D5BA9100185C5B /* Heart_Snapshot.html */; };
		FFCC061625D5BA9500185C5B /* Tips_for_measuring.html in Resources */ = {isa = PBXBuildFile; fileRef = FFCC061825D5BA9500185C5B /* Tips_for_measuring.html */; };
		FFCC061B25D5BA9A00185C5B /* When_to_measure.html in Resources */ = {isa = PBXBuildFile; fileRef = FFCC061D25D5BA9A00185C5B /* When_to_measure.html */; };
		FFCC062025D5BAA000185C5B /* Normal_HR.html in Resources */ = {isa = PBXBuildFile; fileRef = FFCC062225D5BAA000185C5B /* Normal_HR.html */; };
		FFCC062525D5BAA500185C5B /* Demographics_questions.html in Resources */ = {isa = PBXBuildFile; fileRef = FFCC062725D5BAA500185C5B /* Demographics_questions.html */; };
		FFCC062A25D5BAAA00185C5B /* HR_Recovery_Score.html in Resources */ = {isa = PBXBuildFile; fileRef = FFCC062C25D5BAAA00185C5B /* HR_Recovery_Score.html */; };
		FFCC066125D5BDA000185C5B /* CRFHeartRateVideoProcessor.h in Headers */ = {isa = PBXBuildFile; fileRef = F880C1592051FA5F00ACB4D4 /* CRFHeartRateVideoProcessor.h */; settings = {ATTRIBUTES = (Public, ); }; };
		FFCC066225D5BDA000185C5B /* CRFHeartRateVideoProcessor.m in Sources */ = {isa = PBXBuildFile; fileRef = F880C15A2051FA5F00ACB4D4 /* CRFHeartRateVideoProcessor.m */; };
		FFCC066A25D5BDD200185C5B /* CardiorespiratoryFitnessObjC.h in Headers */ = {isa = PBXBuildFile; fileRef = FFCC066925D5BDD200185C5B /* CardiorespiratoryFitnessObjC.h */; settings = {ATTRIBUTES = (Public, ); }; };
		FFCC067425D5BEFE00185C5B /* CardiorespiratoryFitnessObjC.framework in Frameworks */ = {isa = PBXBuildFile; fileRef = FFCC065625D5BD9000185C5B /* CardiorespiratoryFitnessObjC.framework */; };
/* End PBXBuildFile section */

/* Begin PBXContainerItemProxy section */
		F88725E42051C0F900A4B82F /* PBXContainerItemProxy */ = {
			isa = PBXContainerItemProxy;
			containerPortal = F88725D02051C0F800A4B82F /* Project object */;
			proxyType = 1;
			remoteGlobalIDString = F88725D82051C0F800A4B82F;
			remoteInfo = CardiorespiratoryFitness;
		};
		FFCC067625D5BEFE00185C5B /* PBXContainerItemProxy */ = {
			isa = PBXContainerItemProxy;
			containerPortal = F88725D02051C0F800A4B82F /* Project object */;
			proxyType = 1;
			remoteGlobalIDString = FFCC065525D5BD9000185C5B;
			remoteInfo = CardiorespiratoryFitnessObjC;
		};
/* End PBXContainerItemProxy section */

/* Begin PBXFileReference section */
		CBECCD142642170400D9F8D9 /* Base */ = {isa = PBXFileReference; lastKnownFileType = text.json; name = Base; path = Base.lproj/Heartrate_Training.json; sourceTree = "<group>"; };
		CBECCD162642170400D9F8D9 /* Base */ = {isa = PBXFileReference; lastKnownFileType = text.json; name = Base; path = Base.lproj/Heartrate_Resting.json; sourceTree = "<group>"; };
		CBECCD262642172C00D9F8D9 /* Base */ = {isa = PBXFileReference; lastKnownFileType = text.json; name = Base; path = Base.lproj/Heart_Snapshot.json; sourceTree = "<group>"; };
		F80479DF2257E4EC00E569AC /* CRFTorchInstructionStepViewController.swift */ = {isa = PBXFileReference; lastKnownFileType = sourcecode.swift; path = CRFTorchInstructionStepViewController.swift; sourceTree = "<group>"; };
		F80479E12257E52200E569AC /* CRFTorchInstructionStep.swift */ = {isa = PBXFileReference; lastKnownFileType = sourcecode.swift; path = CRFTorchInstructionStep.swift; sourceTree = "<group>"; };
		F84FE3BD228E24D300563F94 /* CRFCameraAuthorizationAdaptor.swift */ = {isa = PBXFileReference; lastKnownFileType = sourcecode.swift; path = CRFCameraAuthorizationAdaptor.swift; sourceTree = "<group>"; };
		F86CB41C225BD422005FBE7E /* io_examples.json */ = {isa = PBXFileReference; fileEncoding = 4; lastKnownFileType = text.json; path = io_examples.json; sourceTree = "<group>"; };
		F86CB41E225BD61A005FBE7E /* ArrayExtensionTests.swift */ = {isa = PBXFileReference; lastKnownFileType = sourcecode.swift; path = ArrayExtensionTests.swift; sourceTree = "<group>"; };
		F86CB422225BEF8A005FBE7E /* io_examples_whole.json */ = {isa = PBXFileReference; fileEncoding = 4; lastKnownFileType = text.json; path = io_examples_whole.json; sourceTree = "<group>"; };
		F86CB424225BFD04005FBE7E /* io_examples_whole_12hz.json */ = {isa = PBXFileReference; fileEncoding = 4; lastKnownFileType = text.json; path = io_examples_whole_12hz.json; sourceTree = "<group>"; };
		F877EC54225E96E9007F3731 /* io_example_earlier_peak.json */ = {isa = PBXFileReference; fileEncoding = 4; lastKnownFileType = text.json; path = io_example_earlier_peak.json; sourceTree = "<group>"; };
		F877EC55225E96E9007F3731 /* io_example_later_peak.json */ = {isa = PBXFileReference; fileEncoding = 4; lastKnownFileType = text.json; path = io_example_later_peak.json; sourceTree = "<group>"; };
		F880C11F2051F1E200ACB4D4 /* CRFFactory.swift */ = {isa = PBXFileReference; lastKnownFileType = sourcecode.swift; path = CRFFactory.swift; sourceTree = "<group>"; };
		F880C12E2051F2A700ACB4D4 /* Images.xcassets */ = {isa = PBXFileReference; lastKnownFileType = folder.assetcatalog; path = Images.xcassets; sourceTree = "<group>"; };
		F880C1302051F49400ACB4D4 /* Colors.xcassets */ = {isa = PBXFileReference; lastKnownFileType = folder.assetcatalog; path = Colors.xcassets; sourceTree = "<group>"; };
		F880C14C2051F61700ACB4D4 /* stairStepAudio.m4a */ = {isa = PBXFileReference; lastKnownFileType = file; path = stairStepAudio.m4a; sourceTree = "<group>"; };
		F880C14F2051F9FD00ACB4D4 /* CRFHeartRateStepViewController.swift */ = {isa = PBXFileReference; fileEncoding = 4; lastKnownFileType = sourcecode.swift; path = CRFHeartRateStepViewController.swift; sourceTree = "<group>"; };
		F880C1502051F9FD00ACB4D4 /* CRFStairStepViewController.swift */ = {isa = PBXFileReference; fileEncoding = 4; lastKnownFileType = sourcecode.swift; path = CRFStairStepViewController.swift; sourceTree = "<group>"; };
		F880C1582051FA5F00ACB4D4 /* CRFHeartRateRecorder.swift */ = {isa = PBXFileReference; fileEncoding = 4; lastKnownFileType = sourcecode.swift; path = CRFHeartRateRecorder.swift; sourceTree = "<group>"; };
		F880C1592051FA5F00ACB4D4 /* CRFHeartRateVideoProcessor.h */ = {isa = PBXFileReference; fileEncoding = 4; lastKnownFileType = sourcecode.c.h; path = CRFHeartRateVideoProcessor.h; sourceTree = "<group>"; };
		F880C15A2051FA5F00ACB4D4 /* CRFHeartRateVideoProcessor.m */ = {isa = PBXFileReference; fileEncoding = 4; lastKnownFileType = sourcecode.c.objc; path = CRFHeartRateVideoProcessor.m; sourceTree = "<group>"; };
		F880C16E2051FCD400ACB4D4 /* ActiveTaskSteps.storyboard */ = {isa = PBXFileReference; fileEncoding = 4; lastKnownFileType = file.storyboard; path = ActiveTaskSteps.storyboard; sourceTree = "<group>"; };
		F880C1782051FE5900ACB4D4 /* CoreMotion.framework */ = {isa = PBXFileReference; lastKnownFileType = wrapper.framework; name = CoreMotion.framework; path = System/Library/Frameworks/CoreMotion.framework; sourceTree = SDKROOT; };
		F880C17A2051FE6200ACB4D4 /* CoreLocation.framework */ = {isa = PBXFileReference; lastKnownFileType = wrapper.framework; name = CoreLocation.framework; path = System/Library/Frameworks/CoreLocation.framework; sourceTree = SDKROOT; };
		F880C17C2051FE7000ACB4D4 /* AVFoundation.framework */ = {isa = PBXFileReference; lastKnownFileType = wrapper.framework; name = AVFoundation.framework; path = System/Library/Frameworks/AVFoundation.framework; sourceTree = SDKROOT; };
		F880C17E2052081600ACB4D4 /* CRFHeartRateStep.swift */ = {isa = PBXFileReference; lastKnownFileType = sourcecode.swift; path = CRFHeartRateStep.swift; sourceTree = "<group>"; };
		F880C18020520CF500ACB4D4 /* CRFCameraSettings.swift */ = {isa = PBXFileReference; lastKnownFileType = sourcecode.swift; path = CRFCameraSettings.swift; sourceTree = "<group>"; };
		F880C18220520FBC00ACB4D4 /* CRFHeartRateSampleProcessor.swift */ = {isa = PBXFileReference; lastKnownFileType = sourcecode.swift; path = CRFHeartRateSampleProcessor.swift; sourceTree = "<group>"; };
		F880C18420530D9500ACB4D4 /* HeartRateProcessorTests.swift */ = {isa = PBXFileReference; lastKnownFileType = sourcecode.swift; path = HeartRateProcessorTests.swift; sourceTree = "<group>"; };
		F88725D92051C0F800A4B82F /* CardiorespiratoryFitness.framework */ = {isa = PBXFileReference; explicitFileType = wrapper.framework; includeInIndex = 0; path = CardiorespiratoryFitness.framework; sourceTree = BUILT_PRODUCTS_DIR; };
		F88725DC2051C0F800A4B82F /* CardiorespiratoryFitness.h */ = {isa = PBXFileReference; lastKnownFileType = sourcecode.c.h; path = CardiorespiratoryFitness.h; sourceTree = "<group>"; };
		F88725DD2051C0F800A4B82F /* Info.plist */ = {isa = PBXFileReference; lastKnownFileType = text.plist.xml; path = Info.plist; sourceTree = "<group>"; };
		F88725E22051C0F900A4B82F /* CardiorespiratoryFitnessTests.xctest */ = {isa = PBXFileReference; explicitFileType = wrapper.cfbundle; includeInIndex = 0; path = CardiorespiratoryFitnessTests.xctest; sourceTree = BUILT_PRODUCTS_DIR; };
		F88725E92051C0F900A4B82F /* Info.plist */ = {isa = PBXFileReference; lastKnownFileType = text.plist.xml; path = Info.plist; sourceTree = "<group>"; };
		F897CF8E225523320088DFAE /* highpass_filter_params.csv */ = {isa = PBXFileReference; fileEncoding = 4; lastKnownFileType = text; path = highpass_filter_params.csv; sourceTree = "<group>"; };
		F897CF902255233D0088DFAE /* lowpass_filter_params.csv */ = {isa = PBXFileReference; fileEncoding = 4; lastKnownFileType = text; path = lowpass_filter_params.csv; sourceTree = "<group>"; };
		F897CF94225525040088DFAE /* CSVDecoder.swift */ = {isa = PBXFileReference; lastKnownFileType = sourcecode.swift; path = CSVDecoder.swift; sourceTree = "<group>"; };
		F897CF96225561680088DFAE /* CSVDecoderTests.swift */ = {isa = PBXFileReference; lastKnownFileType = sourcecode.swift; path = CSVDecoderTests.swift; sourceTree = "<group>"; };
		F8981A4822790F87008DD5D0 /* CRFHRRecoveryStep.swift */ = {isa = PBXFileReference; lastKnownFileType = sourcecode.swift; path = CRFHRRecoveryStep.swift; sourceTree = "<group>"; };
		F89FFDD820588B5C0089D8A7 /* ModelTests.swift */ = {isa = PBXFileReference; lastKnownFileType = sourcecode.swift; path = ModelTests.swift; sourceTree = "<group>"; };
		F89FFDDA205890F80089D8A7 /* CRFTaskInfo.swift */ = {isa = PBXFileReference; lastKnownFileType = sourcecode.swift; path = CRFTaskInfo.swift; sourceTree = "<group>"; };
		F8A5036C2225E2CD005F1C0C /* Research.framework */ = {isa = PBXFileReference; explicitFileType = wrapper.framework; path = Research.framework; sourceTree = BUILT_PRODUCTS_DIR; };
		F8A5036E2225E2D8005F1C0C /* ResearchUI.framework */ = {isa = PBXFileReference; explicitFileType = wrapper.framework; path = ResearchUI.framework; sourceTree = BUILT_PRODUCTS_DIR; };
		F8C0581A22778E2700FA59E6 /* Research.framework */ = {isa = PBXFileReference; explicitFileType = wrapper.framework; path = Research.framework; sourceTree = BUILT_PRODUCTS_DIR; };
		F8C0581C22778E2D00FA59E6 /* ResearchRecorders.framework */ = {isa = PBXFileReference; explicitFileType = wrapper.framework; path = ResearchRecorders.framework; sourceTree = BUILT_PRODUCTS_DIR; };
		F8C0581E22778E3200FA59E6 /* ResearchUI.framework */ = {isa = PBXFileReference; explicitFileType = wrapper.framework; path = ResearchUI.framework; sourceTree = BUILT_PRODUCTS_DIR; };
		F8C0582022778E4C00FA59E6 /* Research_UnitTest.framework */ = {isa = PBXFileReference; explicitFileType = wrapper.framework; path = Research_UnitTest.framework; sourceTree = BUILT_PRODUCTS_DIR; };
		F8D71AF4224D462F00DA49BC /* CRFHRRecoveryStepViewController.swift */ = {isa = PBXFileReference; lastKnownFileType = sourcecode.swift; path = CRFHRRecoveryStepViewController.swift; sourceTree = "<group>"; };
		F8E6729E228E2DF6001AD63F /* ResearchMotion.framework */ = {isa = PBXFileReference; explicitFileType = wrapper.framework; path = ResearchMotion.framework; sourceTree = BUILT_PRODUCTS_DIR; };
		F8E68EE22252A30900CF0811 /* CRFTaskObject.swift */ = {isa = PBXFileReference; lastKnownFileType = sourcecode.swift; path = CRFTaskObject.swift; sourceTree = "<group>"; };
		F8E68EEE22531E2B00CF0811 /* Research_UnitTest.framework */ = {isa = PBXFileReference; explicitFileType = wrapper.framework; path = Research_UnitTest.framework; sourceTree = BUILT_PRODUCTS_DIR; };
		F8E68EF022531E5400CF0811 /* TaskObjectTests.swift */ = {isa = PBXFileReference; lastKnownFileType = sourcecode.swift; path = TaskObjectTests.swift; sourceTree = "<group>"; };
		FFCC05E725D5AD6E00185C5B /* Bundle+module.swift */ = {isa = PBXFileReference; fileEncoding = 4; lastKnownFileType = sourcecode.swift; path = "Bundle+module.swift"; sourceTree = SOURCE_ROOT; };
		FFCC05F025D5AFBC00185C5B /* NSLocaleSwizzle.framework */ = {isa = PBXFileReference; explicitFileType = wrapper.framework; path = NSLocaleSwizzle.framework; sourceTree = BUILT_PRODUCTS_DIR; };
		FFCC060D25D5BA7B00185C5B /* en */ = {isa = PBXFileReference; lastKnownFileType = text.plist.strings; name = en; path = en.lproj/Localizable.strings; sourceTree = "<group>"; };
		FFCC061225D5BA9100185C5B /* Base */ = {isa = PBXFileReference; lastKnownFileType = text.html; name = Base; path = Base.lproj/Heart_Snapshot.html; sourceTree = "<group>"; };
		FFCC061725D5BA9500185C5B /* Base */ = {isa = PBXFileReference; lastKnownFileType = text.html; name = Base; path = Base.lproj/Tips_for_measuring.html; sourceTree = "<group>"; };
		FFCC061C25D5BA9A00185C5B /* Base */ = {isa = PBXFileReference; lastKnownFileType = text.html; name = Base; path = Base.lproj/When_to_measure.html; sourceTree = "<group>"; };
		FFCC062125D5BAA000185C5B /* Base */ = {isa = PBXFileReference; lastKnownFileType = text.html; name = Base; path = Base.lproj/Normal_HR.html; sourceTree = "<group>"; };
		FFCC062625D5BAA500185C5B /* Base */ = {isa = PBXFileReference; lastKnownFileType = text.html; name = Base; path = Base.lproj/Demographics_questions.html; sourceTree = "<group>"; };
		FFCC062B25D5BAAA00185C5B /* Base */ = {isa = PBXFileReference; lastKnownFileType = text.html; name = Base; path = Base.lproj/HR_Recovery_Score.html; sourceTree = "<group>"; };
		FFCC065625D5BD9000185C5B /* CardiorespiratoryFitnessObjC.framework */ = {isa = PBXFileReference; explicitFileType = wrapper.framework; includeInIndex = 0; path = CardiorespiratoryFitnessObjC.framework; sourceTree = BUILT_PRODUCTS_DIR; };
		FFCC065925D5BD9000185C5B /* Info.plist */ = {isa = PBXFileReference; lastKnownFileType = text.plist.xml; path = Info.plist; sourceTree = "<group>"; };
		FFCC066925D5BDD200185C5B /* CardiorespiratoryFitnessObjC.h */ = {isa = PBXFileReference; lastKnownFileType = sourcecode.c.h; path = CardiorespiratoryFitnessObjC.h; sourceTree = "<group>"; };
		FFCC068325D5C0E100185C5B /* ReleaseNotes.md */ = {isa = PBXFileReference; lastKnownFileType = net.daringfireball.markdown; path = ReleaseNotes.md; sourceTree = "<group>"; };
/* End PBXFileReference section */

/* Begin PBXFrameworksBuildPhase section */
		F88725D52051C0F800A4B82F /* Frameworks */ = {
			isa = PBXFrameworksBuildPhase;
			buildActionMask = 2147483647;
			files = (
				F8C0581F22778E3200FA59E6 /* ResearchUI.framework in Frameworks */,
				FFCC067425D5BEFE00185C5B /* CardiorespiratoryFitnessObjC.framework in Frameworks */,
				F8C0581B22778E2700FA59E6 /* Research.framework in Frameworks */,
			);
			runOnlyForDeploymentPostprocessing = 0;
		};
		F88725DF2051C0F900A4B82F /* Frameworks */ = {
			isa = PBXFrameworksBuildPhase;
			buildActionMask = 2147483647;
			files = (
				F8C0582122778E4C00FA59E6 /* Research_UnitTest.framework in Frameworks */,
				FFCC05F125D5AFBC00185C5B /* NSLocaleSwizzle.framework in Frameworks */,
				F88725E32051C0F900A4B82F /* CardiorespiratoryFitness.framework in Frameworks */,
			);
			runOnlyForDeploymentPostprocessing = 0;
		};
		FFCC065325D5BD9000185C5B /* Frameworks */ = {
			isa = PBXFrameworksBuildPhase;
			buildActionMask = 2147483647;
			files = (
			);
			runOnlyForDeploymentPostprocessing = 0;
		};
/* End PBXFrameworksBuildPhase section */

/* Begin PBXGroup section */
		F880C10F2051F13800ACB4D4 /* Model */ = {
			isa = PBXGroup;
			children = (
				F880C11F2051F1E200ACB4D4 /* CRFFactory.swift */,
				F880C17E2052081600ACB4D4 /* CRFHeartRateStep.swift */,
				F89FFDDA205890F80089D8A7 /* CRFTaskInfo.swift */,
				F8E68EE22252A30900CF0811 /* CRFTaskObject.swift */,
				F80479E12257E52200E569AC /* CRFTorchInstructionStep.swift */,
				F8981A4822790F87008DD5D0 /* CRFHRRecoveryStep.swift */,
			);
			path = Model;
			sourceTree = "<group>";
		};
		F880C1182051F14C00ACB4D4 /* iOS */ = {
			isa = PBXGroup;
			children = (
				FFCC060725D5B9A600185C5B /* Resources */,
				F880C14E2051F88400ACB4D4 /* View Controllers */,
				F880C1572051FA2B00ACB4D4 /* HeartRate Recorder */,
			);
			path = iOS;
			sourceTree = "<group>";
		};
		F880C12D2051F25400ACB4D4 /* Resources */ = {
			isa = PBXGroup;
			children = (
				F880C14C2051F61700ACB4D4 /* stairStepAudio.m4a */,
				F880C12E2051F2A700ACB4D4 /* Images.xcassets */,
				F880C1302051F49400ACB4D4 /* Colors.xcassets */,
			);
			path = Resources;
			sourceTree = "<group>";
		};
		F880C14E2051F88400ACB4D4 /* View Controllers */ = {
			isa = PBXGroup;
			children = (
				F80479DF2257E4EC00E569AC /* CRFTorchInstructionStepViewController.swift */,
				F880C14F2051F9FD00ACB4D4 /* CRFHeartRateStepViewController.swift */,
				F880C1502051F9FD00ACB4D4 /* CRFStairStepViewController.swift */,
				F8D71AF4224D462F00DA49BC /* CRFHRRecoveryStepViewController.swift */,
			);
			name = "View Controllers";
			sourceTree = "<group>";
		};
		F880C1572051FA2B00ACB4D4 /* HeartRate Recorder */ = {
			isa = PBXGroup;
			children = (
				F84FE3BD228E24D300563F94 /* CRFCameraAuthorizationAdaptor.swift */,
				F880C18020520CF500ACB4D4 /* CRFCameraSettings.swift */,
				F880C1582051FA5F00ACB4D4 /* CRFHeartRateRecorder.swift */,
				F880C18220520FBC00ACB4D4 /* CRFHeartRateSampleProcessor.swift */,
				F897CF94225525040088DFAE /* CSVDecoder.swift */,
			);
			name = "HeartRate Recorder";
			sourceTree = "<group>";
		};
		F880C18820531FBF00ACB4D4 /* Resources */ = {
			isa = PBXGroup;
			children = (
				F877EC54225E96E9007F3731 /* io_example_earlier_peak.json */,
				F877EC55225E96E9007F3731 /* io_example_later_peak.json */,
				F86CB424225BFD04005FBE7E /* io_examples_whole_12hz.json */,
				F86CB422225BEF8A005FBE7E /* io_examples_whole.json */,
				F86CB41C225BD422005FBE7E /* io_examples.json */,
			);
			path = Resources;
			sourceTree = "<group>";
		};
		F88725CF2051C0F800A4B82F = {
			isa = PBXGroup;
			children = (
				FFCC068325D5C0E100185C5B /* ReleaseNotes.md */,
				F88725DB2051C0F800A4B82F /* CardiorespiratoryFitness */,
				F88725E62051C0F900A4B82F /* CardiorespiratoryFitnessTests */,
				F8BA7FA42051D9CC00A5B83A /* Frameworks */,
				F88725DA2051C0F800A4B82F /* Products */,
			);
			sourceTree = "<group>";
		};
		F88725DA2051C0F800A4B82F /* Products */ = {
			isa = PBXGroup;
			children = (
				F88725D92051C0F800A4B82F /* CardiorespiratoryFitness.framework */,
				F88725E22051C0F900A4B82F /* CardiorespiratoryFitnessTests.xctest */,
				FFCC065625D5BD9000185C5B /* CardiorespiratoryFitnessObjC.framework */,
			);
			name = Products;
			sourceTree = "<group>";
		};
		F88725DB2051C0F800A4B82F /* CardiorespiratoryFitness */ = {
			isa = PBXGroup;
			children = (
				F88725DC2051C0F800A4B82F /* CardiorespiratoryFitness.h */,
				F88725DD2051C0F800A4B82F /* Info.plist */,
				FFCC05E725D5AD6E00185C5B /* Bundle+module.swift */,
				FFCC064225D5BC8200185C5B /* ObjC */,
				FFCC060225D5B8B000185C5B /* Swift */,
			);
			path = CardiorespiratoryFitness;
			sourceTree = "<group>";
		};
		F88725E62051C0F900A4B82F /* CardiorespiratoryFitnessTests */ = {
			isa = PBXGroup;
			children = (
				FFCC05FD25D5B87900185C5B /* Tests */,
				F88725E92051C0F900A4B82F /* Info.plist */,
			);
			path = CardiorespiratoryFitnessTests;
			sourceTree = "<group>";
		};
		F897CF8D225522F80088DFAE /* HR_Parameters */ = {
			isa = PBXGroup;
			children = (
				F897CF8E225523320088DFAE /* highpass_filter_params.csv */,
				F897CF902255233D0088DFAE /* lowpass_filter_params.csv */,
			);
			name = HR_Parameters;
			sourceTree = "<group>";
		};
		F8BA7FA42051D9CC00A5B83A /* Frameworks */ = {
			isa = PBXGroup;
			children = (
				FFCC05F025D5AFBC00185C5B /* NSLocaleSwizzle.framework */,
				F8E6729E228E2DF6001AD63F /* ResearchMotion.framework */,
				F8C0582022778E4C00FA59E6 /* Research_UnitTest.framework */,
				F8C0581E22778E3200FA59E6 /* ResearchUI.framework */,
				F8C0581C22778E2D00FA59E6 /* ResearchRecorders.framework */,
				F8C0581A22778E2700FA59E6 /* Research.framework */,
				F8E68EEE22531E2B00CF0811 /* Research_UnitTest.framework */,
				F8A5036E2225E2D8005F1C0C /* ResearchUI.framework */,
				F8A5036C2225E2CD005F1C0C /* Research.framework */,
				F880C17C2051FE7000ACB4D4 /* AVFoundation.framework */,
				F880C17A2051FE6200ACB4D4 /* CoreLocation.framework */,
				F880C1782051FE5900ACB4D4 /* CoreMotion.framework */,
			);
			name = Frameworks;
			sourceTree = "<group>";
		};
		F8D71AF6224D49EF00DA49BC /* HTML */ = {
			isa = PBXGroup;
			children = (
				FFCC061325D5BA9100185C5B /* Heart_Snapshot.html */,
				FFCC061825D5BA9500185C5B /* Tips_for_measuring.html */,
				FFCC061D25D5BA9A00185C5B /* When_to_measure.html */,
				FFCC062225D5BAA000185C5B /* Normal_HR.html */,
				FFCC062725D5BAA500185C5B /* Demographics_questions.html */,
				FFCC062C25D5BAAA00185C5B /* HR_Recovery_Score.html */,
			);
			name = HTML;
			sourceTree = "<group>";
		};
		F8D71B01224D4E3400DA49BC /* JSON */ = {
			isa = PBXGroup;
			children = (
				CBECCD252642172C00D9F8D9 /* Heart_Snapshot.json */,
				CBECCD152642170400D9F8D9 /* Heartrate_Resting.json */,
				CBECCD132642170400D9F8D9 /* Heartrate_Training.json */,
			);
			name = JSON;
			sourceTree = "<group>";
		};
		FFCC05FD25D5B87900185C5B /* Tests */ = {
			isa = PBXGroup;
			children = (
				F880C18820531FBF00ACB4D4 /* Resources */,
				F880C18420530D9500ACB4D4 /* HeartRateProcessorTests.swift */,
				F89FFDD820588B5C0089D8A7 /* ModelTests.swift */,
				F8E68EF022531E5400CF0811 /* TaskObjectTests.swift */,
				F897CF96225561680088DFAE /* CSVDecoderTests.swift */,
				F86CB41E225BD61A005FBE7E /* ArrayExtensionTests.swift */,
			);
			path = Tests;
			sourceTree = "<group>";
		};
		FFCC060225D5B8B000185C5B /* Swift */ = {
			isa = PBXGroup;
			children = (
				F880C12D2051F25400ACB4D4 /* Resources */,
				F880C10F2051F13800ACB4D4 /* Model */,
				F880C1182051F14C00ACB4D4 /* iOS */,
			);
			path = Swift;
			sourceTree = "<group>";
		};
		FFCC060725D5B9A600185C5B /* Resources */ = {
			isa = PBXGroup;
			children = (
				F880C16E2051FCD400ACB4D4 /* ActiveTaskSteps.storyboard */,
				FFCC060E25D5BA7B00185C5B /* Localizable.strings */,
				F8D71AF6224D49EF00DA49BC /* HTML */,
				F8D71B01224D4E3400DA49BC /* JSON */,
				F897CF8D225522F80088DFAE /* HR_Parameters */,
			);
			path = Resources;
			sourceTree = "<group>";
		};
		FFCC064225D5BC8200185C5B /* ObjC */ = {
			isa = PBXGroup;
			children = (
				FFCC066925D5BDD200185C5B /* CardiorespiratoryFitnessObjC.h */,
				FFCC065925D5BD9000185C5B /* Info.plist */,
				FFCC064525D5BC9E00185C5B /* include */,
				F880C15A2051FA5F00ACB4D4 /* CRFHeartRateVideoProcessor.m */,
			);
			path = ObjC;
			sourceTree = "<group>";
		};
		FFCC064525D5BC9E00185C5B /* include */ = {
			isa = PBXGroup;
			children = (
				F880C1592051FA5F00ACB4D4 /* CRFHeartRateVideoProcessor.h */,
			);
			path = include;
			sourceTree = "<group>";
		};
/* End PBXGroup section */

/* Begin PBXHeadersBuildPhase section */
		F88725D62051C0F800A4B82F /* Headers */ = {
			isa = PBXHeadersBuildPhase;
			buildActionMask = 2147483647;
			files = (
				F88725EA2051C0F900A4B82F /* CardiorespiratoryFitness.h in Headers */,
			);
			runOnlyForDeploymentPostprocessing = 0;
		};
		FFCC065125D5BD9000185C5B /* Headers */ = {
			isa = PBXHeadersBuildPhase;
			buildActionMask = 2147483647;
			files = (
				FFCC066A25D5BDD200185C5B /* CardiorespiratoryFitnessObjC.h in Headers */,
				FFCC066125D5BDA000185C5B /* CRFHeartRateVideoProcessor.h in Headers */,
			);
			runOnlyForDeploymentPostprocessing = 0;
		};
/* End PBXHeadersBuildPhase section */

/* Begin PBXNativeTarget section */
		F88725D82051C0F800A4B82F /* CardiorespiratoryFitness */ = {
			isa = PBXNativeTarget;
			buildConfigurationList = F88725ED2051C0F900A4B82F /* Build configuration list for PBXNativeTarget "CardiorespiratoryFitness" */;
			buildPhases = (
				F88725D42051C0F800A4B82F /* Sources */,
				F88725D52051C0F800A4B82F /* Frameworks */,
				F88725D62051C0F800A4B82F /* Headers */,
				F88725D72051C0F800A4B82F /* Resources */,
			);
			buildRules = (
			);
			dependencies = (
				FFCC067725D5BEFE00185C5B /* PBXTargetDependency */,
			);
			name = CardiorespiratoryFitness;
			productName = CardiorespiratoryFitness;
			productReference = F88725D92051C0F800A4B82F /* CardiorespiratoryFitness.framework */;
			productType = "com.apple.product-type.framework";
		};
		F88725E12051C0F900A4B82F /* CardiorespiratoryFitnessTests */ = {
			isa = PBXNativeTarget;
			buildConfigurationList = F88725F02051C0F900A4B82F /* Build configuration list for PBXNativeTarget "CardiorespiratoryFitnessTests" */;
			buildPhases = (
				F88725DE2051C0F900A4B82F /* Sources */,
				F88725DF2051C0F900A4B82F /* Frameworks */,
				F88725E02051C0F900A4B82F /* Resources */,
			);
			buildRules = (
			);
			dependencies = (
				F88725E52051C0F900A4B82F /* PBXTargetDependency */,
			);
			name = CardiorespiratoryFitnessTests;
			productName = CardiorespiratoryFitnessTests;
			productReference = F88725E22051C0F900A4B82F /* CardiorespiratoryFitnessTests.xctest */;
			productType = "com.apple.product-type.bundle.unit-test";
		};
		FFCC065525D5BD9000185C5B /* CardiorespiratoryFitnessObjC */ = {
			isa = PBXNativeTarget;
			buildConfigurationList = FFCC065B25D5BD9000185C5B /* Build configuration list for PBXNativeTarget "CardiorespiratoryFitnessObjC" */;
			buildPhases = (
				FFCC065125D5BD9000185C5B /* Headers */,
				FFCC065225D5BD9000185C5B /* Sources */,
				FFCC065325D5BD9000185C5B /* Frameworks */,
				FFCC065425D5BD9000185C5B /* Resources */,
			);
			buildRules = (
			);
			dependencies = (
			);
			name = CardiorespiratoryFitnessObjC;
			productName = CardiorespiratoryFitnessObjC;
			productReference = FFCC065625D5BD9000185C5B /* CardiorespiratoryFitnessObjC.framework */;
			productType = "com.apple.product-type.framework";
		};
/* End PBXNativeTarget section */

/* Begin PBXProject section */
		F88725D02051C0F800A4B82F /* Project object */ = {
			isa = PBXProject;
			attributes = {
				LastSwiftUpdateCheck = 0920;
				LastUpgradeCheck = 1240;
				ORGANIZATIONNAME = "Sage Bionetworks";
				TargetAttributes = {
					F88725D82051C0F800A4B82F = {
						CreatedOnToolsVersion = 9.2;
						LastSwiftMigration = 1020;
						ProvisioningStyle = Manual;
					};
					F88725E12051C0F900A4B82F = {
						CreatedOnToolsVersion = 9.2;
						LastSwiftMigration = 1020;
						ProvisioningStyle = Automatic;
					};
					FFCC065525D5BD9000185C5B = {
						CreatedOnToolsVersion = 12.4;
						ProvisioningStyle = Automatic;
					};
				};
			};
			buildConfigurationList = F88725D32051C0F800A4B82F /* Build configuration list for PBXProject "CardiorespiratoryFitness" */;
			compatibilityVersion = "Xcode 8.0";
			developmentRegion = en;
			hasScannedForEncodings = 0;
			knownRegions = (
				en,
				Base,
			);
			mainGroup = F88725CF2051C0F800A4B82F;
			productRefGroup = F88725DA2051C0F800A4B82F /* Products */;
			projectDirPath = "";
			projectRoot = "";
			targets = (
				F88725D82051C0F800A4B82F /* CardiorespiratoryFitness */,
				F88725E12051C0F900A4B82F /* CardiorespiratoryFitnessTests */,
				FFCC065525D5BD9000185C5B /* CardiorespiratoryFitnessObjC */,
			);
		};
/* End PBXProject section */

/* Begin PBXResourcesBuildPhase section */
		F88725D72051C0F800A4B82F /* Resources */ = {
			isa = PBXResourcesBuildPhase;
			buildActionMask = 2147483647;
			files = (
				CBECCD192642170400D9F8D9 /* Heartrate_Training.json in Resources */,
				FFCC062525D5BAA500185C5B /* Demographics_questions.html in Resources */,
				FFCC061625D5BA9500185C5B /* Tips_for_measuring.html in Resources */,
				FFCC062A25D5BAAA00185C5B /* HR_Recovery_Score.html in Resources */,
				F880C12F2051F2A700ACB4D4 /* Images.xcassets in Resources */,
				F897CF8F225523320088DFAE /* highpass_filter_params.csv in Resources */,
				F880C14D2051F61700ACB4D4 /* stairStepAudio.m4a in Resources */,
				FFCC061125D5BA9100185C5B /* Heart_Snapshot.html in Resources */,
				FFCC061B25D5BA9A00185C5B /* When_to_measure.html in Resources */,
				CBECCD1A2642170400D9F8D9 /* Heartrate_Resting.json in Resources */,
				CBECCD272642172C00D9F8D9 /* Heart_Snapshot.json in Resources */,
				FFCC060C25D5BA7B00185C5B /* Localizable.strings in Resources */,
				F880C1312051F49400ACB4D4 /* Colors.xcassets in Resources */,
				F897CF912255233D0088DFAE /* lowpass_filter_params.csv in Resources */,
				FFCC062025D5BAA000185C5B /* Normal_HR.html in Resources */,
				F880C1752051FCD400ACB4D4 /* ActiveTaskSteps.storyboard in Resources */,
			);
			runOnlyForDeploymentPostprocessing = 0;
		};
		F88725E02051C0F900A4B82F /* Resources */ = {
			isa = PBXResourcesBuildPhase;
			buildActionMask = 2147483647;
			files = (
				F877EC57225E96E9007F3731 /* io_example_later_peak.json in Resources */,
				F86CB41D225BD422005FBE7E /* io_examples.json in Resources */,
				F877EC56225E96E9007F3731 /* io_example_earlier_peak.json in Resources */,
				F86CB423225BEF8A005FBE7E /* io_examples_whole.json in Resources */,
				F86CB425225BFD04005FBE7E /* io_examples_whole_12hz.json in Resources */,
			);
			runOnlyForDeploymentPostprocessing = 0;
		};
		FFCC065425D5BD9000185C5B /* Resources */ = {
			isa = PBXResourcesBuildPhase;
			buildActionMask = 2147483647;
			files = (
			);
			runOnlyForDeploymentPostprocessing = 0;
		};
/* End PBXResourcesBuildPhase section */

/* Begin PBXSourcesBuildPhase section */
		F88725D42051C0F800A4B82F /* Sources */ = {
			isa = PBXSourcesBuildPhase;
			buildActionMask = 2147483647;
			files = (
				F80479E02257E4EC00E569AC /* CRFTorchInstructionStepViewController.swift in Sources */,
				F880C17F2052081600ACB4D4 /* CRFHeartRateStep.swift in Sources */,
				F89FFDDB205890F80089D8A7 /* CRFTaskInfo.swift in Sources */,
				F880C1542051F9FD00ACB4D4 /* CRFStairStepViewController.swift in Sources */,
				F880C15B2051FA5F00ACB4D4 /* CRFHeartRateRecorder.swift in Sources */,
				F880C1202051F1E200ACB4D4 /* CRFFactory.swift in Sources */,
				F880C18320520FBC00ACB4D4 /* CRFHeartRateSampleProcessor.swift in Sources */,
				F8981A4922790F87008DD5D0 /* CRFHRRecoveryStep.swift in Sources */,
				F8E68EE32252A30900CF0811 /* CRFTaskObject.swift in Sources */,
				F880C1532051F9FD00ACB4D4 /* CRFHeartRateStepViewController.swift in Sources */,
				F880C18120520CF500ACB4D4 /* CRFCameraSettings.swift in Sources */,
				FFCC05E825D5AD6E00185C5B /* Bundle+module.swift in Sources */,
				F8D71AF5224D462F00DA49BC /* CRFHRRecoveryStepViewController.swift in Sources */,
				F80479E22257E52200E569AC /* CRFTorchInstructionStep.swift in Sources */,
				F84FE3BE228E24D300563F94 /* CRFCameraAuthorizationAdaptor.swift in Sources */,
				F897CF95225525040088DFAE /* CSVDecoder.swift in Sources */,
			);
			runOnlyForDeploymentPostprocessing = 0;
		};
		F88725DE2051C0F900A4B82F /* Sources */ = {
			isa = PBXSourcesBuildPhase;
			buildActionMask = 2147483647;
			files = (
				F8E68EF122531E5400CF0811 /* TaskObjectTests.swift in Sources */,
				FFCC05EB25D5AE3F00185C5B /* Bundle+module.swift in Sources */,
				F897CF97225561680088DFAE /* CSVDecoderTests.swift in Sources */,
				F880C18520530D9500ACB4D4 /* HeartRateProcessorTests.swift in Sources */,
				F86CB41F225BD61A005FBE7E /* ArrayExtensionTests.swift in Sources */,
				F89FFDD920588B5C0089D8A7 /* ModelTests.swift in Sources */,
			);
			runOnlyForDeploymentPostprocessing = 0;
		};
		FFCC065225D5BD9000185C5B /* Sources */ = {
			isa = PBXSourcesBuildPhase;
			buildActionMask = 2147483647;
			files = (
				FFCC066225D5BDA000185C5B /* CRFHeartRateVideoProcessor.m in Sources */,
			);
			runOnlyForDeploymentPostprocessing = 0;
		};
/* End PBXSourcesBuildPhase section */

/* Begin PBXTargetDependency section */
		F88725E52051C0F900A4B82F /* PBXTargetDependency */ = {
			isa = PBXTargetDependency;
			target = F88725D82051C0F800A4B82F /* CardiorespiratoryFitness */;
			targetProxy = F88725E42051C0F900A4B82F /* PBXContainerItemProxy */;
		};
		FFCC067725D5BEFE00185C5B /* PBXTargetDependency */ = {
			isa = PBXTargetDependency;
			target = FFCC065525D5BD9000185C5B /* CardiorespiratoryFitnessObjC */;
			targetProxy = FFCC067625D5BEFE00185C5B /* PBXContainerItemProxy */;
		};
/* End PBXTargetDependency section */

/* Begin PBXVariantGroup section */
		CBECCD132642170400D9F8D9 /* Heartrate_Training.json */ = {
			isa = PBXVariantGroup;
			children = (
				CBECCD142642170400D9F8D9 /* Base */,
			);
			name = Heartrate_Training.json;
			sourceTree = "<group>";
		};
		CBECCD152642170400D9F8D9 /* Heartrate_Resting.json */ = {
			isa = PBXVariantGroup;
			children = (
				CBECCD162642170400D9F8D9 /* Base */,
			);
			name = Heartrate_Resting.json;
			sourceTree = "<group>";
		};
		CBECCD252642172C00D9F8D9 /* Heart_Snapshot.json */ = {
			isa = PBXVariantGroup;
			children = (
				CBECCD262642172C00D9F8D9 /* Base */,
			);
			name = Heart_Snapshot.json;
			sourceTree = "<group>";
		};
		FFCC060E25D5BA7B00185C5B /* Localizable.strings */ = {
			isa = PBXVariantGroup;
			children = (
				FFCC060D25D5BA7B00185C5B /* en */,
			);
			name = Localizable.strings;
			sourceTree = "<group>";
		};
		FFCC061325D5BA9100185C5B /* Heart_Snapshot.html */ = {
			isa = PBXVariantGroup;
			children = (
				FFCC061225D5BA9100185C5B /* Base */,
			);
			name = Heart_Snapshot.html;
			sourceTree = "<group>";
		};
		FFCC061825D5BA9500185C5B /* Tips_for_measuring.html */ = {
			isa = PBXVariantGroup;
			children = (
				FFCC061725D5BA9500185C5B /* Base */,
			);
			name = Tips_for_measuring.html;
			sourceTree = "<group>";
		};
		FFCC061D25D5BA9A00185C5B /* When_to_measure.html */ = {
			isa = PBXVariantGroup;
			children = (
				FFCC061C25D5BA9A00185C5B /* Base */,
			);
			name = When_to_measure.html;
			sourceTree = "<group>";
		};
		FFCC062225D5BAA000185C5B /* Normal_HR.html */ = {
			isa = PBXVariantGroup;
			children = (
				FFCC062125D5BAA000185C5B /* Base */,
			);
			name = Normal_HR.html;
			sourceTree = "<group>";
		};
		FFCC062725D5BAA500185C5B /* Demographics_questions.html */ = {
			isa = PBXVariantGroup;
			children = (
				FFCC062625D5BAA500185C5B /* Base */,
			);
			name = Demographics_questions.html;
			sourceTree = "<group>";
		};
		FFCC062C25D5BAAA00185C5B /* HR_Recovery_Score.html */ = {
			isa = PBXVariantGroup;
			children = (
				FFCC062B25D5BAAA00185C5B /* Base */,
			);
			name = HR_Recovery_Score.html;
			sourceTree = "<group>";
		};
/* End PBXVariantGroup section */

/* Begin XCBuildConfiguration section */
		F88725EB2051C0F900A4B82F /* Debug */ = {
			isa = XCBuildConfiguration;
			buildSettings = {
				ALWAYS_SEARCH_USER_PATHS = NO;
				CLANG_ANALYZER_NONNULL = YES;
				CLANG_ANALYZER_NUMBER_OBJECT_CONVERSION = YES_AGGRESSIVE;
				CLANG_CXX_LANGUAGE_STANDARD = "gnu++14";
				CLANG_CXX_LIBRARY = "libc++";
				CLANG_ENABLE_MODULES = YES;
				CLANG_ENABLE_OBJC_ARC = YES;
				CLANG_WARN_BLOCK_CAPTURE_AUTORELEASING = YES;
				CLANG_WARN_BOOL_CONVERSION = YES;
				CLANG_WARN_COMMA = YES;
				CLANG_WARN_CONSTANT_CONVERSION = YES;
				CLANG_WARN_DEPRECATED_OBJC_IMPLEMENTATIONS = YES;
				CLANG_WARN_DIRECT_OBJC_ISA_USAGE = YES_ERROR;
				CLANG_WARN_DOCUMENTATION_COMMENTS = YES;
				CLANG_WARN_EMPTY_BODY = YES;
				CLANG_WARN_ENUM_CONVERSION = YES;
				CLANG_WARN_INFINITE_RECURSION = YES;
				CLANG_WARN_INT_CONVERSION = YES;
				CLANG_WARN_NON_LITERAL_NULL_CONVERSION = YES;
				CLANG_WARN_OBJC_IMPLICIT_RETAIN_SELF = YES;
				CLANG_WARN_OBJC_LITERAL_CONVERSION = YES;
				CLANG_WARN_OBJC_ROOT_CLASS = YES_ERROR;
				CLANG_WARN_QUOTED_INCLUDE_IN_FRAMEWORK_HEADER = YES;
				CLANG_WARN_RANGE_LOOP_ANALYSIS = YES;
				CLANG_WARN_STRICT_PROTOTYPES = YES;
				CLANG_WARN_SUSPICIOUS_MOVE = YES;
				CLANG_WARN_UNGUARDED_AVAILABILITY = YES_AGGRESSIVE;
				CLANG_WARN_UNREACHABLE_CODE = YES;
				CLANG_WARN__DUPLICATE_METHOD_MATCH = YES;
				CODE_SIGN_IDENTITY = "iPhone Developer";
				COPY_PHASE_STRIP = NO;
				CURRENT_PROJECT_VERSION = 1;
				DEBUG_INFORMATION_FORMAT = dwarf;
				ENABLE_STRICT_OBJC_MSGSEND = YES;
				ENABLE_TESTABILITY = YES;
				GCC_C_LANGUAGE_STANDARD = gnu11;
				GCC_DYNAMIC_NO_PIC = NO;
				GCC_NO_COMMON_BLOCKS = YES;
				GCC_OPTIMIZATION_LEVEL = 0;
				GCC_PREPROCESSOR_DEFINITIONS = (
					"DEBUG=1",
					"$(inherited)",
				);
				GCC_WARN_64_TO_32_BIT_CONVERSION = YES;
				GCC_WARN_ABOUT_RETURN_TYPE = YES_ERROR;
				GCC_WARN_UNDECLARED_SELECTOR = YES;
				GCC_WARN_UNINITIALIZED_AUTOS = YES_AGGRESSIVE;
				GCC_WARN_UNUSED_FUNCTION = YES;
				GCC_WARN_UNUSED_VARIABLE = YES;
				IPHONEOS_DEPLOYMENT_TARGET = 12.0;
				MTL_ENABLE_DEBUG_INFO = YES;
				ONLY_ACTIVE_ARCH = YES;
				SDKROOT = iphoneos;
				SWIFT_ACTIVE_COMPILATION_CONDITIONS = DEBUG;
				SWIFT_OPTIMIZATION_LEVEL = "-Onone";
				VERSIONING_SYSTEM = "apple-generic";
				VERSION_INFO_PREFIX = "";
			};
			name = Debug;
		};
		F88725EC2051C0F900A4B82F /* Release */ = {
			isa = XCBuildConfiguration;
			buildSettings = {
				ALWAYS_SEARCH_USER_PATHS = NO;
				CLANG_ANALYZER_NONNULL = YES;
				CLANG_ANALYZER_NUMBER_OBJECT_CONVERSION = YES_AGGRESSIVE;
				CLANG_CXX_LANGUAGE_STANDARD = "gnu++14";
				CLANG_CXX_LIBRARY = "libc++";
				CLANG_ENABLE_MODULES = YES;
				CLANG_ENABLE_OBJC_ARC = YES;
				CLANG_WARN_BLOCK_CAPTURE_AUTORELEASING = YES;
				CLANG_WARN_BOOL_CONVERSION = YES;
				CLANG_WARN_COMMA = YES;
				CLANG_WARN_CONSTANT_CONVERSION = YES;
				CLANG_WARN_DEPRECATED_OBJC_IMPLEMENTATIONS = YES;
				CLANG_WARN_DIRECT_OBJC_ISA_USAGE = YES_ERROR;
				CLANG_WARN_DOCUMENTATION_COMMENTS = YES;
				CLANG_WARN_EMPTY_BODY = YES;
				CLANG_WARN_ENUM_CONVERSION = YES;
				CLANG_WARN_INFINITE_RECURSION = YES;
				CLANG_WARN_INT_CONVERSION = YES;
				CLANG_WARN_NON_LITERAL_NULL_CONVERSION = YES;
				CLANG_WARN_OBJC_IMPLICIT_RETAIN_SELF = YES;
				CLANG_WARN_OBJC_LITERAL_CONVERSION = YES;
				CLANG_WARN_OBJC_ROOT_CLASS = YES_ERROR;
				CLANG_WARN_QUOTED_INCLUDE_IN_FRAMEWORK_HEADER = YES;
				CLANG_WARN_RANGE_LOOP_ANALYSIS = YES;
				CLANG_WARN_STRICT_PROTOTYPES = YES;
				CLANG_WARN_SUSPICIOUS_MOVE = YES;
				CLANG_WARN_UNGUARDED_AVAILABILITY = YES_AGGRESSIVE;
				CLANG_WARN_UNREACHABLE_CODE = YES;
				CLANG_WARN__DUPLICATE_METHOD_MATCH = YES;
				CODE_SIGN_IDENTITY = "iPhone Developer";
				COPY_PHASE_STRIP = NO;
				CURRENT_PROJECT_VERSION = 1;
				DEBUG_INFORMATION_FORMAT = "dwarf-with-dsym";
				ENABLE_NS_ASSERTIONS = NO;
				ENABLE_STRICT_OBJC_MSGSEND = YES;
				GCC_C_LANGUAGE_STANDARD = gnu11;
				GCC_NO_COMMON_BLOCKS = YES;
				GCC_WARN_64_TO_32_BIT_CONVERSION = YES;
				GCC_WARN_ABOUT_RETURN_TYPE = YES_ERROR;
				GCC_WARN_UNDECLARED_SELECTOR = YES;
				GCC_WARN_UNINITIALIZED_AUTOS = YES_AGGRESSIVE;
				GCC_WARN_UNUSED_FUNCTION = YES;
				GCC_WARN_UNUSED_VARIABLE = YES;
				IPHONEOS_DEPLOYMENT_TARGET = 12.0;
				MTL_ENABLE_DEBUG_INFO = NO;
				SDKROOT = iphoneos;
				SWIFT_OPTIMIZATION_LEVEL = "-Owholemodule";
				VALIDATE_PRODUCT = YES;
				VERSIONING_SYSTEM = "apple-generic";
				VERSION_INFO_PREFIX = "";
			};
			name = Release;
		};
		F88725EE2051C0F900A4B82F /* Debug */ = {
			isa = XCBuildConfiguration;
			buildSettings = {
				CLANG_ENABLE_MODULES = YES;
				CODE_SIGN_IDENTITY = "";
				"CODE_SIGN_IDENTITY[sdk=iphoneos*]" = "iPhone Developer";
				CODE_SIGN_STYLE = Manual;
				DEFINES_MODULE = YES;
				DEVELOPMENT_TEAM = "";
				DYLIB_COMPATIBILITY_VERSION = 1;
				DYLIB_CURRENT_VERSION = 1;
				DYLIB_INSTALL_NAME_BASE = "@rpath";
				INFOPLIST_FILE = CardiorespiratoryFitness/Info.plist;
				INSTALL_PATH = "$(LOCAL_LIBRARY_DIR)/Frameworks";
				IPHONEOS_DEPLOYMENT_TARGET = 12.0;
				LD_RUNPATH_SEARCH_PATHS = "$(inherited) @executable_path/Frameworks @loader_path/Frameworks";
				PRODUCT_BUNDLE_IDENTIFIER = org.sagebase.CardiorespiratoryFitness;
				PRODUCT_NAME = "$(TARGET_NAME:c99extidentifier)";
				PROVISIONING_PROFILE_SPECIFIER = "";
				SKIP_INSTALL = YES;
				SUPPORTS_MAC_DESIGNED_FOR_IPHONE_IPAD = YES;
				SWIFT_INSTALL_OBJC_HEADER = NO;
				SWIFT_OPTIMIZATION_LEVEL = "-Onone";
				SWIFT_VERSION = 5.0;
				TARGETED_DEVICE_FAMILY = 1;
			};
			name = Debug;
		};
		F88725EF2051C0F900A4B82F /* Release */ = {
			isa = XCBuildConfiguration;
			buildSettings = {
				CLANG_ENABLE_MODULES = YES;
				CODE_SIGN_IDENTITY = "";
				"CODE_SIGN_IDENTITY[sdk=iphoneos*]" = "iPhone Developer";
				CODE_SIGN_STYLE = Manual;
				DEFINES_MODULE = YES;
				DEVELOPMENT_TEAM = "";
				DYLIB_COMPATIBILITY_VERSION = 1;
				DYLIB_CURRENT_VERSION = 1;
				DYLIB_INSTALL_NAME_BASE = "@rpath";
				INFOPLIST_FILE = CardiorespiratoryFitness/Info.plist;
				INSTALL_PATH = "$(LOCAL_LIBRARY_DIR)/Frameworks";
				IPHONEOS_DEPLOYMENT_TARGET = 12.0;
				LD_RUNPATH_SEARCH_PATHS = "$(inherited) @executable_path/Frameworks @loader_path/Frameworks";
				PRODUCT_BUNDLE_IDENTIFIER = org.sagebase.CardiorespiratoryFitness;
				PRODUCT_NAME = "$(TARGET_NAME:c99extidentifier)";
				PROVISIONING_PROFILE_SPECIFIER = "";
				SKIP_INSTALL = YES;
				SUPPORTS_MAC_DESIGNED_FOR_IPHONE_IPAD = YES;
				SWIFT_INSTALL_OBJC_HEADER = NO;
				SWIFT_VERSION = 5.0;
				TARGETED_DEVICE_FAMILY = 1;
			};
			name = Release;
		};
		F88725F12051C0F900A4B82F /* Debug */ = {
			isa = XCBuildConfiguration;
			buildSettings = {
				ALWAYS_EMBED_SWIFT_STANDARD_LIBRARIES = YES;
				CLANG_ENABLE_MODULES = YES;
				"CODE_SIGN_IDENTITY[sdk=iphoneos*]" = "iPhone Developer";
				CODE_SIGN_STYLE = Automatic;
				DEVELOPMENT_TEAM = KA9Z8R6M6K;
				INFOPLIST_FILE = CardiorespiratoryFitnessTests/Info.plist;
				LD_RUNPATH_SEARCH_PATHS = "$(inherited) @executable_path/Frameworks @loader_path/Frameworks";
				PRODUCT_BUNDLE_IDENTIFIER = org.sagebase.CardiorespiratoryFitnessTests;
				PRODUCT_NAME = "$(TARGET_NAME)";
				PROVISIONING_PROFILE_SPECIFIER = "";
				SWIFT_OBJC_BRIDGING_HEADER = "";
				SWIFT_OPTIMIZATION_LEVEL = "-Onone";
				SWIFT_VERSION = 5.0;
				TARGETED_DEVICE_FAMILY = "1,2";
			};
			name = Debug;
		};
		F88725F22051C0F900A4B82F /* Release */ = {
			isa = XCBuildConfiguration;
			buildSettings = {
				ALWAYS_EMBED_SWIFT_STANDARD_LIBRARIES = YES;
				CLANG_ENABLE_MODULES = YES;
				"CODE_SIGN_IDENTITY[sdk=iphoneos*]" = "iPhone Developer";
				CODE_SIGN_STYLE = Automatic;
				DEVELOPMENT_TEAM = KA9Z8R6M6K;
				INFOPLIST_FILE = CardiorespiratoryFitnessTests/Info.plist;
				LD_RUNPATH_SEARCH_PATHS = "$(inherited) @executable_path/Frameworks @loader_path/Frameworks";
				PRODUCT_BUNDLE_IDENTIFIER = org.sagebase.CardiorespiratoryFitnessTests;
				PRODUCT_NAME = "$(TARGET_NAME)";
				PROVISIONING_PROFILE_SPECIFIER = "";
				SWIFT_OBJC_BRIDGING_HEADER = "";
				SWIFT_VERSION = 5.0;
				TARGETED_DEVICE_FAMILY = "1,2";
			};
			name = Release;
		};
		FFCC065C25D5BD9000185C5B /* Debug */ = {
			isa = XCBuildConfiguration;
			buildSettings = {
				CLANG_ENABLE_OBJC_WEAK = YES;
				CLANG_WARN_QUOTED_INCLUDE_IN_FRAMEWORK_HEADER = YES;
				CODE_SIGN_STYLE = Automatic;
				CURRENT_PROJECT_VERSION = 1;
				DEFINES_MODULE = YES;
				DEVELOPMENT_TEAM = KA9Z8R6M6K;
				DYLIB_COMPATIBILITY_VERSION = 1;
				DYLIB_CURRENT_VERSION = 1;
				DYLIB_INSTALL_NAME_BASE = "@rpath";
				INFOPLIST_FILE = CardiorespiratoryFitness/ObjC/Info.plist;
				INSTALL_PATH = "$(LOCAL_LIBRARY_DIR)/Frameworks";
				IPHONEOS_DEPLOYMENT_TARGET = 14.4;
				LD_RUNPATH_SEARCH_PATHS = "$(inherited) @executable_path/Frameworks @loader_path/Frameworks";
				MTL_ENABLE_DEBUG_INFO = INCLUDE_SOURCE;
				MTL_FAST_MATH = YES;
				PRODUCT_BUNDLE_IDENTIFIER = org.sagebase.CardiorespiratoryFitnessObjC;
				PRODUCT_NAME = "$(TARGET_NAME:c99extidentifier)";
				SKIP_INSTALL = YES;
				SUPPORTS_MACCATALYST = NO;
				TARGETED_DEVICE_FAMILY = "1,2";
			};
			name = Debug;
		};
		FFCC065D25D5BD9000185C5B /* Release */ = {
			isa = XCBuildConfiguration;
			buildSettings = {
				CLANG_ENABLE_OBJC_WEAK = YES;
				CLANG_WARN_QUOTED_INCLUDE_IN_FRAMEWORK_HEADER = YES;
				CODE_SIGN_STYLE = Automatic;
				CURRENT_PROJECT_VERSION = 1;
				DEFINES_MODULE = YES;
				DEVELOPMENT_TEAM = KA9Z8R6M6K;
				DYLIB_COMPATIBILITY_VERSION = 1;
				DYLIB_CURRENT_VERSION = 1;
				DYLIB_INSTALL_NAME_BASE = "@rpath";
				INFOPLIST_FILE = CardiorespiratoryFitness/ObjC/Info.plist;
				INSTALL_PATH = "$(LOCAL_LIBRARY_DIR)/Frameworks";
				IPHONEOS_DEPLOYMENT_TARGET = 14.4;
				LD_RUNPATH_SEARCH_PATHS = "$(inherited) @executable_path/Frameworks @loader_path/Frameworks";
				MTL_FAST_MATH = YES;
				PRODUCT_BUNDLE_IDENTIFIER = org.sagebase.CardiorespiratoryFitnessObjC;
				PRODUCT_NAME = "$(TARGET_NAME:c99extidentifier)";
				SKIP_INSTALL = YES;
				SUPPORTS_MACCATALYST = NO;
				TARGETED_DEVICE_FAMILY = "1,2";
			};
			name = Release;
		};
/* End XCBuildConfiguration section */

/* Begin XCConfigurationList section */
		F88725D32051C0F800A4B82F /* Build configuration list for PBXProject "CardiorespiratoryFitness" */ = {
			isa = XCConfigurationList;
			buildConfigurations = (
				F88725EB2051C0F900A4B82F /* Debug */,
				F88725EC2051C0F900A4B82F /* Release */,
			);
			defaultConfigurationIsVisible = 0;
			defaultConfigurationName = Release;
		};
		F88725ED2051C0F900A4B82F /* Build configuration list for PBXNativeTarget "CardiorespiratoryFitness" */ = {
			isa = XCConfigurationList;
			buildConfigurations = (
				F88725EE2051C0F900A4B82F /* Debug */,
				F88725EF2051C0F900A4B82F /* Release */,
			);
			defaultConfigurationIsVisible = 0;
			defaultConfigurationName = Release;
		};
		F88725F02051C0F900A4B82F /* Build configuration list for PBXNativeTarget "CardiorespiratoryFitnessTests" */ = {
			isa = XCConfigurationList;
			buildConfigurations = (
				F88725F12051C0F900A4B82F /* Debug */,
				F88725F22051C0F900A4B82F /* Release */,
			);
			defaultConfigurationIsVisible = 0;
			defaultConfigurationName = Release;
		};
		FFCC065B25D5BD9000185C5B /* Build configuration list for PBXNativeTarget "CardiorespiratoryFitnessObjC" */ = {
			isa = XCConfigurationList;
			buildConfigurations = (
				FFCC065C25D5BD9000185C5B /* Debug */,
				FFCC065D25D5BD9000185C5B /* Release */,
			);
			defaultConfigurationIsVisible = 0;
			defaultConfigurationName = Release;
		};
/* End XCConfigurationList section */
	};
	rootObject = F88725D02051C0F800A4B82F /* Project object */;
}
