// !$*UTF8*$!
{
	archiveVersion = 1;
	classes = {
	};
	objectVersion = 50;
	objects = {

/* Begin PBXBuildFile section */
		F8258597215DADA7007E7965 /* ParticipantIDStepViewController.swift in Sources */ = {isa = PBXBuildFile; fileRef = F8258596215DADA7007E7965 /* ParticipantIDStepViewController.swift */; };
		F83DE8D4227AA89B00603D7A /* CardiorespiratoryFitness.framework in Frameworks */ = {isa = PBXBuildFile; fileRef = F83DE8D3227AA89B00603D7A /* CardiorespiratoryFitness.framework */; };
		F83DE8D5227AA89B00603D7A /* CardiorespiratoryFitness.framework in Embed Frameworks */ = {isa = PBXBuildFile; fileRef = F83DE8D3227AA89B00603D7A /* CardiorespiratoryFitness.framework */; settings = {ATTRIBUTES = (CodeSignOnCopy, RemoveHeadersOnCopy, ); }; };
		F83DE8D7227AA89B00603D7A /* Research.framework in Frameworks */ = {isa = PBXBuildFile; fileRef = F83DE8D6227AA89B00603D7A /* Research.framework */; };
		F83DE8D8227AA89B00603D7A /* Research.framework in Embed Frameworks */ = {isa = PBXBuildFile; fileRef = F83DE8D6227AA89B00603D7A /* Research.framework */; settings = {ATTRIBUTES = (CodeSignOnCopy, RemoveHeadersOnCopy, ); }; };
		F83DE8DA227AA89B00603D7A /* ResearchUI.framework in Frameworks */ = {isa = PBXBuildFile; fileRef = F83DE8D9227AA89B00603D7A /* ResearchUI.framework */; };
		F83DE8DB227AA89B00603D7A /* ResearchUI.framework in Embed Frameworks */ = {isa = PBXBuildFile; fileRef = F83DE8D9227AA89B00603D7A /* ResearchUI.framework */; settings = {ATTRIBUTES = (CodeSignOnCopy, RemoveHeadersOnCopy, ); }; };
		F83DE8E0227AA89B00603D7A /* BridgeApp.framework in Frameworks */ = {isa = PBXBuildFile; fileRef = F83DE8DF227AA89B00603D7A /* BridgeApp.framework */; };
		F83DE8E1227AA89B00603D7A /* BridgeApp.framework in Embed Frameworks */ = {isa = PBXBuildFile; fileRef = F83DE8DF227AA89B00603D7A /* BridgeApp.framework */; settings = {ATTRIBUTES = (CodeSignOnCopy, RemoveHeadersOnCopy, ); }; };
		F83DE8E3227AA89B00603D7A /* BridgeSDK.framework in Frameworks */ = {isa = PBXBuildFile; fileRef = F83DE8E2227AA89B00603D7A /* BridgeSDK.framework */; };
		F83DE8E4227AA89B00603D7A /* BridgeSDK.framework in Embed Frameworks */ = {isa = PBXBuildFile; fileRef = F83DE8E2227AA89B00603D7A /* BridgeSDK.framework */; settings = {ATTRIBUTES = (CodeSignOnCopy, RemoveHeadersOnCopy, ); }; };
		F8E672A4228E2E34001AD63F /* ResearchMotion.framework in Frameworks */ = {isa = PBXBuildFile; fileRef = F8E672A3228E2E34001AD63F /* ResearchMotion.framework */; };
		F8E672A5228E2E34001AD63F /* ResearchMotion.framework in Embed Frameworks */ = {isa = PBXBuildFile; fileRef = F8E672A3228E2E34001AD63F /* ResearchMotion.framework */; settings = {ATTRIBUTES = (CodeSignOnCopy, RemoveHeadersOnCopy, ); }; };
		F8F366B42155D5DE00A49F89 /* AppDelegate.swift in Sources */ = {isa = PBXBuildFile; fileRef = F8F366B32155D5DE00A49F89 /* AppDelegate.swift */; };
		F8F366B62155D5DE00A49F89 /* MainViewController.swift in Sources */ = {isa = PBXBuildFile; fileRef = F8F366B52155D5DE00A49F89 /* MainViewController.swift */; };
		F8F366B92155D5DE00A49F89 /* Main.storyboard in Resources */ = {isa = PBXBuildFile; fileRef = F8F366B72155D5DE00A49F89 /* Main.storyboard */; };
		F8F366BE2155D5DF00A49F89 /* LaunchScreen.storyboard in Resources */ = {isa = PBXBuildFile; fileRef = F8F366BC2155D5DF00A49F89 /* LaunchScreen.storyboard */; };
		F8F366E92155D65400A49F89 /* Assets.xcassets in Resources */ = {isa = PBXBuildFile; fileRef = F8F366E82155D65400A49F89 /* Assets.xcassets */; };
		F8F367072155DA4000A49F89 /* BridgeInfo.plist in Resources */ = {isa = PBXBuildFile; fileRef = F8F367062155DA4000A49F89 /* BridgeInfo.plist */; };
		F8F367092155DA8C00A49F89 /* crf-module.pem in Resources */ = {isa = PBXBuildFile; fileRef = F8F367082155DA8C00A49F89 /* crf-module.pem */; };
		F8F3670B2155DA9C00A49F89 /* BridgeInfo-private.plist in Resources */ = {isa = PBXBuildFile; fileRef = F8F3670A2155DA9C00A49F89 /* BridgeInfo-private.plist */; };
		F8F367242155DE8D00A49F89 /* ExternalIDRegistrationViewController.swift in Sources */ = {isa = PBXBuildFile; fileRef = F8F367232155DE8D00A49F89 /* ExternalIDRegistrationViewController.swift */; };
		F8F3678C21597DF100A49F89 /* HeartRate_Measurement.json in Resources */ = {isa = PBXBuildFile; fileRef = F8F3678B21597DF100A49F89 /* HeartRate_Measurement.json */; };
		FFCC067A25D5BF1000185C5B /* CardiorespiratoryFitnessObjC.framework in Frameworks */ = {isa = PBXBuildFile; fileRef = FFCC067925D5BF1000185C5B /* CardiorespiratoryFitnessObjC.framework */; };
		FFCC067B25D5BF1000185C5B /* CardiorespiratoryFitnessObjC.framework in Embed Frameworks */ = {isa = PBXBuildFile; fileRef = FFCC067925D5BF1000185C5B /* CardiorespiratoryFitnessObjC.framework */; settings = {ATTRIBUTES = (CodeSignOnCopy, RemoveHeadersOnCopy, ); }; };
		FFDBA5F325D35E9B00FD00DA /* BridgeAppUI.framework in Frameworks */ = {isa = PBXBuildFile; fileRef = FFDBA5F225D35E9B00FD00DA /* BridgeAppUI.framework */; };
		FFDBA5F425D35E9B00FD00DA /* BridgeAppUI.framework in Embed Frameworks */ = {isa = PBXBuildFile; fileRef = FFDBA5F225D35E9B00FD00DA /* BridgeAppUI.framework */; settings = {ATTRIBUTES = (CodeSignOnCopy, RemoveHeadersOnCopy, ); }; };
/* End PBXBuildFile section */

/* Begin PBXCopyFilesBuildPhase section */
		F83DE8E5227AA89B00603D7A /* Embed Frameworks */ = {
			isa = PBXCopyFilesBuildPhase;
			buildActionMask = 2147483647;
			dstPath = "";
			dstSubfolderSpec = 10;
			files = (
				F83DE8E1227AA89B00603D7A /* BridgeApp.framework in Embed Frameworks */,
				F83DE8D5227AA89B00603D7A /* CardiorespiratoryFitness.framework in Embed Frameworks */,
				FFCC067B25D5BF1000185C5B /* CardiorespiratoryFitnessObjC.framework in Embed Frameworks */,
				F83DE8E4227AA89B00603D7A /* BridgeSDK.framework in Embed Frameworks */,
				F8E672A5228E2E34001AD63F /* ResearchMotion.framework in Embed Frameworks */,
				F83DE8D8227AA89B00603D7A /* Research.framework in Embed Frameworks */,
				FFDBA5F425D35E9B00FD00DA /* BridgeAppUI.framework in Embed Frameworks */,
				F83DE8DB227AA89B00603D7A /* ResearchUI.framework in Embed Frameworks */,
			);
			name = "Embed Frameworks";
			runOnlyForDeploymentPostprocessing = 0;
		};
/* End PBXCopyFilesBuildPhase section */

/* Begin PBXFileReference section */
		F8258596215DADA7007E7965 /* ParticipantIDStepViewController.swift */ = {isa = PBXFileReference; lastKnownFileType = sourcecode.swift; path = ParticipantIDStepViewController.swift; sourceTree = "<group>"; };
		F83DE8D2227AA7DD00603D7A /* README.md */ = {isa = PBXFileReference; lastKnownFileType = net.daringfireball.markdown; path = README.md; sourceTree = "<group>"; };
		F83DE8D3227AA89B00603D7A /* CardiorespiratoryFitness.framework */ = {isa = PBXFileReference; explicitFileType = wrapper.framework; path = CardiorespiratoryFitness.framework; sourceTree = BUILT_PRODUCTS_DIR; };
		F83DE8D6227AA89B00603D7A /* Research.framework */ = {isa = PBXFileReference; explicitFileType = wrapper.framework; path = Research.framework; sourceTree = BUILT_PRODUCTS_DIR; };
		F83DE8D9227AA89B00603D7A /* ResearchUI.framework */ = {isa = PBXFileReference; explicitFileType = wrapper.framework; path = ResearchUI.framework; sourceTree = BUILT_PRODUCTS_DIR; };
		F83DE8DF227AA89B00603D7A /* BridgeApp.framework */ = {isa = PBXFileReference; explicitFileType = wrapper.framework; path = BridgeApp.framework; sourceTree = BUILT_PRODUCTS_DIR; };
		F83DE8E2227AA89B00603D7A /* BridgeSDK.framework */ = {isa = PBXFileReference; explicitFileType = wrapper.framework; path = BridgeSDK.framework; sourceTree = BUILT_PRODUCTS_DIR; };
		F8E672A3228E2E34001AD63F /* ResearchMotion.framework */ = {isa = PBXFileReference; explicitFileType = wrapper.framework; path = ResearchMotion.framework; sourceTree = BUILT_PRODUCTS_DIR; };
		F8F366B02155D5DE00A49F89 /* CRFHeartRate.app */ = {isa = PBXFileReference; explicitFileType = wrapper.application; includeInIndex = 0; path = CRFHeartRate.app; sourceTree = BUILT_PRODUCTS_DIR; };
		F8F366B32155D5DE00A49F89 /* AppDelegate.swift */ = {isa = PBXFileReference; lastKnownFileType = sourcecode.swift; path = AppDelegate.swift; sourceTree = "<group>"; };
		F8F366B52155D5DE00A49F89 /* MainViewController.swift */ = {isa = PBXFileReference; lastKnownFileType = sourcecode.swift; path = MainViewController.swift; sourceTree = "<group>"; };
		F8F366B82155D5DE00A49F89 /* Base */ = {isa = PBXFileReference; lastKnownFileType = file.storyboard; name = Base; path = Base.lproj/Main.storyboard; sourceTree = "<group>"; };
		F8F366BD2155D5DF00A49F89 /* Base */ = {isa = PBXFileReference; lastKnownFileType = file.storyboard; name = Base; path = Base.lproj/LaunchScreen.storyboard; sourceTree = "<group>"; };
		F8F366BF2155D5DF00A49F89 /* Info.plist */ = {isa = PBXFileReference; lastKnownFileType = text.plist.xml; path = Info.plist; sourceTree = "<group>"; };
		F8F366E82155D65400A49F89 /* Assets.xcassets */ = {isa = PBXFileReference; lastKnownFileType = folder.assetcatalog; path = Assets.xcassets; sourceTree = "<group>"; };
		F8F367042155D7B500A49F89 /* CRFHeartRate.entitlements */ = {isa = PBXFileReference; lastKnownFileType = text.plist.entitlements; path = CRFHeartRate.entitlements; sourceTree = "<group>"; };
		F8F367062155DA4000A49F89 /* BridgeInfo.plist */ = {isa = PBXFileReference; fileEncoding = 4; lastKnownFileType = text.plist.xml; path = BridgeInfo.plist; sourceTree = "<group>"; };
		F8F367082155DA8C00A49F89 /* crf-module.pem */ = {isa = PBXFileReference; fileEncoding = 4; lastKnownFileType = text; name = "crf-module.pem"; path = "../../../iOSPrivateProjectInfo/CRFModuleValidation/crf-module.pem"; sourceTree = "<group>"; };
		F8F3670A2155DA9C00A49F89 /* BridgeInfo-private.plist */ = {isa = PBXFileReference; fileEncoding = 4; lastKnownFileType = text.plist.xml; name = "BridgeInfo-private.plist"; path = "../../../iOSPrivateProjectInfo/CRFModuleValidation/BridgeInfo-private.plist"; sourceTree = "<group>"; };
		F8F367232155DE8D00A49F89 /* ExternalIDRegistrationViewController.swift */ = {isa = PBXFileReference; fileEncoding = 4; lastKnownFileType = sourcecode.swift; path = ExternalIDRegistrationViewController.swift; sourceTree = "<group>"; };
		F8F3678B21597DF100A49F89 /* HeartRate_Measurement.json */ = {isa = PBXFileReference; fileEncoding = 4; lastKnownFileType = text.json; path = HeartRate_Measurement.json; sourceTree = "<group>"; };
		FFCC067925D5BF1000185C5B /* CardiorespiratoryFitnessObjC.framework */ = {isa = PBXFileReference; explicitFileType = wrapper.framework; path = CardiorespiratoryFitnessObjC.framework; sourceTree = BUILT_PRODUCTS_DIR; };
		FFDBA5F225D35E9B00FD00DA /* BridgeAppUI.framework */ = {isa = PBXFileReference; explicitFileType = wrapper.framework; path = BridgeAppUI.framework; sourceTree = BUILT_PRODUCTS_DIR; };
/* End PBXFileReference section */

/* Begin PBXFrameworksBuildPhase section */
		F8F366AD2155D5DE00A49F89 /* Frameworks */ = {
			isa = PBXFrameworksBuildPhase;
			buildActionMask = 2147483647;
			files = (
				F83DE8E0227AA89B00603D7A /* BridgeApp.framework in Frameworks */,
				F83DE8D4227AA89B00603D7A /* CardiorespiratoryFitness.framework in Frameworks */,
				FFCC067A25D5BF1000185C5B /* CardiorespiratoryFitnessObjC.framework in Frameworks */,
				F83DE8E3227AA89B00603D7A /* BridgeSDK.framework in Frameworks */,
				F8E672A4228E2E34001AD63F /* ResearchMotion.framework in Frameworks */,
				F83DE8D7227AA89B00603D7A /* Research.framework in Frameworks */,
				FFDBA5F325D35E9B00FD00DA /* BridgeAppUI.framework in Frameworks */,
				F83DE8DA227AA89B00603D7A /* ResearchUI.framework in Frameworks */,
			);
			runOnlyForDeploymentPostprocessing = 0;
		};
/* End PBXFrameworksBuildPhase section */

/* Begin PBXGroup section */
		F8258590215DACAB007E7965 /* Heart Rate */ = {
			isa = PBXGroup;
			children = (
				F8F3678B21597DF100A49F89 /* HeartRate_Measurement.json */,
				F8258596215DADA7007E7965 /* ParticipantIDStepViewController.swift */,
			);
			name = "Heart Rate";
			sourceTree = "<group>";
		};
		F844E45C227AAC2600DC82B5 /* Frameworks */ = {
			isa = PBXGroup;
			children = (
				FFCC067925D5BF1000185C5B /* CardiorespiratoryFitnessObjC.framework */,
				FFDBA5F225D35E9B00FD00DA /* BridgeAppUI.framework */,
				F8E672A3228E2E34001AD63F /* ResearchMotion.framework */,
				F83DE8DF227AA89B00603D7A /* BridgeApp.framework */,
				F83DE8D3227AA89B00603D7A /* CardiorespiratoryFitness.framework */,
				F83DE8E2227AA89B00603D7A /* BridgeSDK.framework */,
				F83DE8D6227AA89B00603D7A /* Research.framework */,
				F83DE8D9227AA89B00603D7A /* ResearchUI.framework */,
			);
			name = Frameworks;
			sourceTree = "<group>";
		};
		F8F366A72155D5DE00A49F89 = {
			isa = PBXGroup;
			children = (
				F83DE8D2227AA7DD00603D7A /* README.md */,
				F8F366B22155D5DE00A49F89 /* CRFHeartRate */,
				F844E45C227AAC2600DC82B5 /* Frameworks */,
				F8F366B12155D5DE00A49F89 /* Products */,
			);
			sourceTree = "<group>";
		};
		F8F366B12155D5DE00A49F89 /* Products */ = {
			isa = PBXGroup;
			children = (
				F8F366B02155D5DE00A49F89 /* CRFHeartRate.app */,
			);
			name = Products;
			sourceTree = "<group>";
		};
		F8F366B22155D5DE00A49F89 /* CRFHeartRate */ = {
			isa = PBXGroup;
			children = (
				F8F366B32155D5DE00A49F89 /* AppDelegate.swift */,
				F8F366B52155D5DE00A49F89 /* MainViewController.swift */,
				F8F366B72155D5DE00A49F89 /* Main.storyboard */,
				F8F366E82155D65400A49F89 /* Assets.xcassets */,
				F8F366BC2155D5DF00A49F89 /* LaunchScreen.storyboard */,
				F8258590215DACAB007E7965 /* Heart Rate */,
				F8F367162155DD1200A49F89 /* Sign in */,
				F8F367052155D9B800A49F89 /* Support Files */,
			);
			path = CRFHeartRate;
			sourceTree = "<group>";
		};
		F8F367052155D9B800A49F89 /* Support Files */ = {
			isa = PBXGroup;
			children = (
				F8F366BF2155D5DF00A49F89 /* Info.plist */,
				F8F367062155DA4000A49F89 /* BridgeInfo.plist */,
				F8F3670A2155DA9C00A49F89 /* BridgeInfo-private.plist */,
				F8F367082155DA8C00A49F89 /* crf-module.pem */,
				F8F367042155D7B500A49F89 /* CRFHeartRate.entitlements */,
			);
			name = "Support Files";
			sourceTree = "<group>";
		};
		F8F367162155DD1200A49F89 /* Sign in */ = {
			isa = PBXGroup;
			children = (
				F8F367232155DE8D00A49F89 /* ExternalIDRegistrationViewController.swift */,
			);
			name = "Sign in";
			sourceTree = "<group>";
		};
/* End PBXGroup section */

/* Begin PBXNativeTarget section */
		F8F366AF2155D5DE00A49F89 /* CRFHeartRate */ = {
			isa = PBXNativeTarget;
			buildConfigurationList = F8F366C22155D5DF00A49F89 /* Build configuration list for PBXNativeTarget "CRFHeartRate" */;
			buildPhases = (
				F8F366AC2155D5DE00A49F89 /* Sources */,
				F8F366AD2155D5DE00A49F89 /* Frameworks */,
				F8F366AE2155D5DE00A49F89 /* Resources */,
				F83DE8E5227AA89B00603D7A /* Embed Frameworks */,
			);
			buildRules = (
			);
			dependencies = (
			);
			name = CRFHeartRate;
			productName = CRFHeartRate;
			productReference = F8F366B02155D5DE00A49F89 /* CRFHeartRate.app */;
			productType = "com.apple.product-type.application";
		};
/* End PBXNativeTarget section */

/* Begin PBXProject section */
		F8F366A82155D5DE00A49F89 /* Project object */ = {
			isa = PBXProject;
			attributes = {
				LastSwiftUpdateCheck = 1000;
				LastUpgradeCheck = 1000;
				ORGANIZATIONNAME = "Sage Bionetworks";
				TargetAttributes = {
					F8F366AF2155D5DE00A49F89 = {
						CreatedOnToolsVersion = 10.0;
						SystemCapabilities = {
							com.apple.ApplicationGroups.iOS = {
								enabled = 1;
							};
							com.apple.BackgroundModes = {
								enabled = 1;
							};
							com.apple.DataProtection = {
								enabled = 1;
							};
							com.apple.Keychain = {
								enabled = 1;
							};
						};
					};
				};
			};
			buildConfigurationList = F8F366AB2155D5DE00A49F89 /* Build configuration list for PBXProject "CRFHeartRate" */;
			compatibilityVersion = "Xcode 9.3";
			developmentRegion = en;
			hasScannedForEncodings = 0;
			knownRegions = (
				en,
				Base,
			);
			mainGroup = F8F366A72155D5DE00A49F89;
			productRefGroup = F8F366B12155D5DE00A49F89 /* Products */;
			projectDirPath = "";
			projectRoot = "";
			targets = (
				F8F366AF2155D5DE00A49F89 /* CRFHeartRate */,
			);
		};
/* End PBXProject section */

/* Begin PBXResourcesBuildPhase section */
		F8F366AE2155D5DE00A49F89 /* Resources */ = {
			isa = PBXResourcesBuildPhase;
			buildActionMask = 2147483647;
			files = (
				F8F366BE2155D5DF00A49F89 /* LaunchScreen.storyboard in Resources */,
				F8F366E92155D65400A49F89 /* Assets.xcassets in Resources */,
				F8F366B92155D5DE00A49F89 /* Main.storyboard in Resources */,
				F8F367092155DA8C00A49F89 /* crf-module.pem in Resources */,
				F8F367072155DA4000A49F89 /* BridgeInfo.plist in Resources */,
				F8F3670B2155DA9C00A49F89 /* BridgeInfo-private.plist in Resources */,
				F8F3678C21597DF100A49F89 /* HeartRate_Measurement.json in Resources */,
			);
			runOnlyForDeploymentPostprocessing = 0;
		};
/* End PBXResourcesBuildPhase section */

/* Begin PBXSourcesBuildPhase section */
		F8F366AC2155D5DE00A49F89 /* Sources */ = {
			isa = PBXSourcesBuildPhase;
			buildActionMask = 2147483647;
			files = (
				F8F366B62155D5DE00A49F89 /* MainViewController.swift in Sources */,
				F8F366B42155D5DE00A49F89 /* AppDelegate.swift in Sources */,
				F8F367242155DE8D00A49F89 /* ExternalIDRegistrationViewController.swift in Sources */,
				F8258597215DADA7007E7965 /* ParticipantIDStepViewController.swift in Sources */,
			);
			runOnlyForDeploymentPostprocessing = 0;
		};
/* End PBXSourcesBuildPhase section */

/* Begin PBXVariantGroup section */
		F8F366B72155D5DE00A49F89 /* Main.storyboard */ = {
			isa = PBXVariantGroup;
			children = (
				F8F366B82155D5DE00A49F89 /* Base */,
			);
			name = Main.storyboard;
			sourceTree = "<group>";
		};
		F8F366BC2155D5DF00A49F89 /* LaunchScreen.storyboard */ = {
			isa = PBXVariantGroup;
			children = (
				F8F366BD2155D5DF00A49F89 /* Base */,
			);
			name = LaunchScreen.storyboard;
			sourceTree = "<group>";
		};
/* End PBXVariantGroup section */

/* Begin XCBuildConfiguration section */
		F8F366C02155D5DF00A49F89 /* Debug */ = {
			isa = XCBuildConfiguration;
			buildSettings = {
				ALWAYS_SEARCH_USER_PATHS = NO;
				CLANG_ANALYZER_NONNULL = YES;
				CLANG_ANALYZER_NUMBER_OBJECT_CONVERSION = YES_AGGRESSIVE;
				CLANG_CXX_LANGUAGE_STANDARD = "gnu++14";
				CLANG_CXX_LIBRARY = "libc++";
				CLANG_ENABLE_MODULES = YES;
				CLANG_ENABLE_OBJC_ARC = YES;
				CLANG_ENABLE_OBJC_WEAK = YES;
				CLANG_WARN_BLOCK_CAPTURE_AUTORELEASING = YES;
				CLANG_WARN_BOOL_CONVERSION = YES;
				CLANG_WARN_COMMA = YES;
				CLANG_WARN_CONSTANT_CONVERSION = YES;
				CLANG_WARN_DEPRECATED_OBJC_IMPLEMENTATIONS = YES;
				CLANG_WARN_DIRECT_OBJC_ISA_USAGE = YES_ERROR;
				CLANG_WARN_DOCUMENTATION_COMMENTS = YES;
				CLANG_WARN_EMPTY_BODY = YES;
				CLANG_WARN_ENUM_CONVERSION = YES;
				CLANG_WARN_INFINITE_RECURSION = YES;
				CLANG_WARN_INT_CONVERSION = YES;
				CLANG_WARN_NON_LITERAL_NULL_CONVERSION = YES;
				CLANG_WARN_OBJC_IMPLICIT_RETAIN_SELF = YES;
				CLANG_WARN_OBJC_LITERAL_CONVERSION = YES;
				CLANG_WARN_OBJC_ROOT_CLASS = YES_ERROR;
				CLANG_WARN_RANGE_LOOP_ANALYSIS = YES;
				CLANG_WARN_STRICT_PROTOTYPES = YES;
				CLANG_WARN_SUSPICIOUS_MOVE = YES;
				CLANG_WARN_UNGUARDED_AVAILABILITY = YES_AGGRESSIVE;
				CLANG_WARN_UNREACHABLE_CODE = YES;
				CLANG_WARN__DUPLICATE_METHOD_MATCH = YES;
				CODE_SIGN_IDENTITY = "iPhone Developer";
				COPY_PHASE_STRIP = NO;
				CURRENT_PROJECT_VERSION = 17;
				DEBUG_INFORMATION_FORMAT = dwarf;
				ENABLE_STRICT_OBJC_MSGSEND = YES;
				ENABLE_TESTABILITY = YES;
				GCC_C_LANGUAGE_STANDARD = gnu11;
				GCC_DYNAMIC_NO_PIC = NO;
				GCC_NO_COMMON_BLOCKS = YES;
				GCC_OPTIMIZATION_LEVEL = 0;
				GCC_PREPROCESSOR_DEFINITIONS = (
					"DEBUG=1",
					"$(inherited)",
				);
				GCC_WARN_64_TO_32_BIT_CONVERSION = YES;
				GCC_WARN_ABOUT_RETURN_TYPE = YES_ERROR;
				GCC_WARN_UNDECLARED_SELECTOR = YES;
				GCC_WARN_UNINITIALIZED_AUTOS = YES_AGGRESSIVE;
				GCC_WARN_UNUSED_FUNCTION = YES;
				GCC_WARN_UNUSED_VARIABLE = YES;
				IPHONEOS_DEPLOYMENT_TARGET = 12.0;
				MTL_ENABLE_DEBUG_INFO = INCLUDE_SOURCE;
				MTL_FAST_MATH = YES;
				ONLY_ACTIVE_ARCH = YES;
				SDKROOT = iphoneos;
				SWIFT_ACTIVE_COMPILATION_CONDITIONS = DEBUG;
				SWIFT_OPTIMIZATION_LEVEL = "-Onone";
				SWIFT_VERSION = 5.0;
			};
			name = Debug;
		};
		F8F366C12155D5DF00A49F89 /* Release */ = {
			isa = XCBuildConfiguration;
			buildSettings = {
				ALWAYS_SEARCH_USER_PATHS = NO;
				CLANG_ANALYZER_NONNULL = YES;
				CLANG_ANALYZER_NUMBER_OBJECT_CONVERSION = YES_AGGRESSIVE;
				CLANG_CXX_LANGUAGE_STANDARD = "gnu++14";
				CLANG_CXX_LIBRARY = "libc++";
				CLANG_ENABLE_MODULES = YES;
				CLANG_ENABLE_OBJC_ARC = YES;
				CLANG_ENABLE_OBJC_WEAK = YES;
				CLANG_WARN_BLOCK_CAPTURE_AUTORELEASING = YES;
				CLANG_WARN_BOOL_CONVERSION = YES;
				CLANG_WARN_COMMA = YES;
				CLANG_WARN_CONSTANT_CONVERSION = YES;
				CLANG_WARN_DEPRECATED_OBJC_IMPLEMENTATIONS = YES;
				CLANG_WARN_DIRECT_OBJC_ISA_USAGE = YES_ERROR;
				CLANG_WARN_DOCUMENTATION_COMMENTS = YES;
				CLANG_WARN_EMPTY_BODY = YES;
				CLANG_WARN_ENUM_CONVERSION = YES;
				CLANG_WARN_INFINITE_RECURSION = YES;
				CLANG_WARN_INT_CONVERSION = YES;
				CLANG_WARN_NON_LITERAL_NULL_CONVERSION = YES;
				CLANG_WARN_OBJC_IMPLICIT_RETAIN_SELF = YES;
				CLANG_WARN_OBJC_LITERAL_CONVERSION = YES;
				CLANG_WARN_OBJC_ROOT_CLASS = YES_ERROR;
				CLANG_WARN_RANGE_LOOP_ANALYSIS = YES;
				CLANG_WARN_STRICT_PROTOTYPES = YES;
				CLANG_WARN_SUSPICIOUS_MOVE = YES;
				CLANG_WARN_UNGUARDED_AVAILABILITY = YES_AGGRESSIVE;
				CLANG_WARN_UNREACHABLE_CODE = YES;
				CLANG_WARN__DUPLICATE_METHOD_MATCH = YES;
				CODE_SIGN_IDENTITY = "iPhone Developer";
				COPY_PHASE_STRIP = NO;
				CURRENT_PROJECT_VERSION = 17;
				DEBUG_INFORMATION_FORMAT = "dwarf-with-dsym";
				ENABLE_NS_ASSERTIONS = NO;
				ENABLE_STRICT_OBJC_MSGSEND = YES;
				GCC_C_LANGUAGE_STANDARD = gnu11;
				GCC_NO_COMMON_BLOCKS = YES;
				GCC_WARN_64_TO_32_BIT_CONVERSION = YES;
				GCC_WARN_ABOUT_RETURN_TYPE = YES_ERROR;
				GCC_WARN_UNDECLARED_SELECTOR = YES;
				GCC_WARN_UNINITIALIZED_AUTOS = YES_AGGRESSIVE;
				GCC_WARN_UNUSED_FUNCTION = YES;
				GCC_WARN_UNUSED_VARIABLE = YES;
				IPHONEOS_DEPLOYMENT_TARGET = 12.0;
				MTL_ENABLE_DEBUG_INFO = NO;
				MTL_FAST_MATH = YES;
				SDKROOT = iphoneos;
				SWIFT_COMPILATION_MODE = wholemodule;
				SWIFT_OPTIMIZATION_LEVEL = "-O";
				SWIFT_VERSION = 5.0;
				VALIDATE_PRODUCT = YES;
			};
			name = Release;
		};
		F8F366C32155D5DF00A49F89 /* Debug */ = {
			isa = XCBuildConfiguration;
			buildSettings = {
				ASSETCATALOG_COMPILER_APPICON_NAME = AppIcon;
				CODE_SIGN_ENTITLEMENTS = CRFHeartRate/CRFHeartRate.entitlements;
				CODE_SIGN_STYLE = Manual;
				DEVELOPMENT_TEAM = KA9Z8R6M6K;
				INFOPLIST_FILE = CRFHeartRate/Info.plist;
				IPHONEOS_DEPLOYMENT_TARGET = 12.1;
				LD_RUNPATH_SEARCH_PATHS = (
					"$(inherited)",
					"@executable_path/Frameworks",
				);
				PRODUCT_BUNDLE_IDENTIFIER = org.sagebase.CRFHeartRate;
				PRODUCT_NAME = "$(TARGET_NAME)";
				PROVISIONING_PROFILE_SPECIFIER = "match Development org.sagebase.CRFHeartRate";
				SWIFT_VERSION = 5.0;
				TARGETED_DEVICE_FAMILY = 1;
			};
			name = Debug;
		};
		F8F366C42155D5DF00A49F89 /* Release */ = {
			isa = XCBuildConfiguration;
			buildSettings = {
				ASSETCATALOG_COMPILER_APPICON_NAME = AppIcon;
				CODE_SIGN_ENTITLEMENTS = CRFHeartRate/CRFHeartRate.entitlements;
				CODE_SIGN_IDENTITY = "iPhone Distribution";
				CODE_SIGN_STYLE = Manual;
				DEVELOPMENT_TEAM = KA9Z8R6M6K;
				INFOPLIST_FILE = CRFHeartRate/Info.plist;
				IPHONEOS_DEPLOYMENT_TARGET = 12.1;
				LD_RUNPATH_SEARCH_PATHS = (
					"$(inherited)",
					"@executable_path/Frameworks",
				);
				PRODUCT_BUNDLE_IDENTIFIER = org.sagebase.CRFHeartRate;
				PRODUCT_NAME = "$(TARGET_NAME)";
				PROVISIONING_PROFILE_SPECIFIER = "match Distribution org.sagebase.CRFHeartRate";
				SWIFT_VERSION = 5.0;
				TARGETED_DEVICE_FAMILY = 1;
			};
			name = Release;
		};
/* End XCBuildConfiguration section */

/* Begin XCConfigurationList section */
		F8F366AB2155D5DE00A49F89 /* Build configuration list for PBXProject "CRFHeartRate" */ = {
			isa = XCConfigurationList;
			buildConfigurations = (
				F8F366C02155D5DF00A49F89 /* Debug */,
				F8F366C12155D5DF00A49F89 /* Release */,
			);
			defaultConfigurationIsVisible = 0;
			defaultConfigurationName = Release;
		};
		F8F366C22155D5DF00A49F89 /* Build configuration list for PBXNativeTarget "CRFHeartRate" */ = {
			isa = XCConfigurationList;
			buildConfigurations = (
				F8F366C32155D5DF00A49F89 /* Debug */,
				F8F366C42155D5DF00A49F89 /* Release */,
			);
			defaultConfigurationIsVisible = 0;
			defaultConfigurationName = Release;
		};
/* End XCConfigurationList section */
	};
	rootObject = F8F366A82155D5DE00A49F89 /* Project object */;
}
